// !$*UTF8*$!
{
	archiveVersion = 1;
	classes = {
	};
	objectVersion = 46;
	objects = {

/* Begin PBXBuildFile section */
		385878121363406B0015A40F /* DocumentShopsWindow.xib in Resources */ = {isa = PBXBuildFile; fileRef = 385878111363406B0015A40F /* DocumentShopsWindow.xib */; };
		3863105B13634163003D8EE3 /* TIDocumentShopsWindowController.m in Sources */ = {isa = PBXBuildFile; fileRef = 3863105A13634163003D8EE3 /* TIDocumentShopsWindowController.m */; };
		3874AE5F13EC6316004E05E8 /* TICDSConstants.m in Sources */ = {isa = PBXBuildFile; fileRef = 3874ADD513EC6316004E05E8 /* TICDSConstants.m */; };
		3874AE6013EC6316004E05E8 /* TICDSDropboxSDKBasedApplicationRegistrationOperation.m in Sources */ = {isa = PBXBuildFile; fileRef = 3874ADDB13EC6316004E05E8 /* TICDSDropboxSDKBasedApplicationRegistrationOperation.m */; };
		3874AE6113EC6316004E05E8 /* TICDSDropboxSDKBasedDocumentClientDeletionOperation.m in Sources */ = {isa = PBXBuildFile; fileRef = 3874ADDD13EC6316004E05E8 /* TICDSDropboxSDKBasedDocumentClientDeletionOperation.m */; };
		3874AE6213EC6316004E05E8 /* TICDSDropboxSDKBasedDocumentDeletionOperation.m in Sources */ = {isa = PBXBuildFile; fileRef = 3874ADDF13EC6316004E05E8 /* TICDSDropboxSDKBasedDocumentDeletionOperation.m */; };
		3874AE6313EC6316004E05E8 /* TICDSDropboxSDKBasedDocumentRegistrationOperation.m in Sources */ = {isa = PBXBuildFile; fileRef = 3874ADE113EC6316004E05E8 /* TICDSDropboxSDKBasedDocumentRegistrationOperation.m */; };
		3874AE6413EC6316004E05E8 /* TICDSDropboxSDKBasedListOfApplicationRegisteredClientsOperation.m in Sources */ = {isa = PBXBuildFile; fileRef = 3874ADE313EC6316004E05E8 /* TICDSDropboxSDKBasedListOfApplicationRegisteredClientsOperation.m */; };
		3874AE6513EC6316004E05E8 /* TICDSDropboxSDKBasedListOfDocumentRegisteredClientsOperation.m in Sources */ = {isa = PBXBuildFile; fileRef = 3874ADE513EC6316004E05E8 /* TICDSDropboxSDKBasedListOfDocumentRegisteredClientsOperation.m */; };
		3874AE6613EC6316004E05E8 /* TICDSDropboxSDKBasedListOfPreviouslySynchronizedDocumentsOperation.m in Sources */ = {isa = PBXBuildFile; fileRef = 3874ADE713EC6316004E05E8 /* TICDSDropboxSDKBasedListOfPreviouslySynchronizedDocumentsOperation.m */; };
		3874AE6713EC6316004E05E8 /* TICDSDropboxSDKBasedRemoveAllRemoteSyncDataOperation.m in Sources */ = {isa = PBXBuildFile; fileRef = 3874ADE913EC6316004E05E8 /* TICDSDropboxSDKBasedRemoveAllRemoteSyncDataOperation.m */; };
		3874AE6813EC6316004E05E8 /* TICDSDropboxSDKBasedSynchronizationOperation.m in Sources */ = {isa = PBXBuildFile; fileRef = 3874ADEB13EC6316004E05E8 /* TICDSDropboxSDKBasedSynchronizationOperation.m */; };
		3874AE6913EC6316004E05E8 /* TICDSDropboxSDKBasedVacuumOperation.m in Sources */ = {isa = PBXBuildFile; fileRef = 3874ADED13EC6316004E05E8 /* TICDSDropboxSDKBasedVacuumOperation.m */; };
		3874AE6A13EC6316004E05E8 /* TICDSDropboxSDKBasedWholeStoreDownloadOperation.m in Sources */ = {isa = PBXBuildFile; fileRef = 3874ADEF13EC6316004E05E8 /* TICDSDropboxSDKBasedWholeStoreDownloadOperation.m */; };
		3874AE6B13EC6316004E05E8 /* TICDSDropboxSDKBasedWholeStoreUploadOperation.m in Sources */ = {isa = PBXBuildFile; fileRef = 3874ADF113EC6316004E05E8 /* TICDSDropboxSDKBasedWholeStoreUploadOperation.m */; };
		3874AE6C13EC6316004E05E8 /* TICDSDropboxSDKBasedApplicationSyncManager.m in Sources */ = {isa = PBXBuildFile; fileRef = 3874ADF313EC6316004E05E8 /* TICDSDropboxSDKBasedApplicationSyncManager.m */; };
		3874AE6D13EC6316004E05E8 /* TICDSDropboxSDKBasedDocumentSyncManager.m in Sources */ = {isa = PBXBuildFile; fileRef = 3874ADF513EC6316004E05E8 /* TICDSDropboxSDKBasedDocumentSyncManager.m */; };
		3874AE6E13EC6316004E05E8 /* TICDSFileManagerBasedApplicationRegistrationOperation.m in Sources */ = {isa = PBXBuildFile; fileRef = 3874ADF913EC6316004E05E8 /* TICDSFileManagerBasedApplicationRegistrationOperation.m */; };
		3874AE6F13EC6316004E05E8 /* TICDSFileManagerBasedDocumentClientDeletionOperation.m in Sources */ = {isa = PBXBuildFile; fileRef = 3874ADFB13EC6316004E05E8 /* TICDSFileManagerBasedDocumentClientDeletionOperation.m */; };
		3874AE7013EC6316004E05E8 /* TICDSFileManagerBasedDocumentDeletionOperation.m in Sources */ = {isa = PBXBuildFile; fileRef = 3874ADFD13EC6316004E05E8 /* TICDSFileManagerBasedDocumentDeletionOperation.m */; };
		3874AE7113EC6316004E05E8 /* TICDSFileManagerBasedDocumentRegistrationOperation.m in Sources */ = {isa = PBXBuildFile; fileRef = 3874ADFF13EC6316004E05E8 /* TICDSFileManagerBasedDocumentRegistrationOperation.m */; };
		3874AE7213EC6316004E05E8 /* TICDSFileManagerBasedListOfApplicationRegisteredClientsOperation.m in Sources */ = {isa = PBXBuildFile; fileRef = 3874AE0113EC6316004E05E8 /* TICDSFileManagerBasedListOfApplicationRegisteredClientsOperation.m */; };
		3874AE7313EC6316004E05E8 /* TICDSFileManagerBasedListOfDocumentRegisteredClientsOperation.m in Sources */ = {isa = PBXBuildFile; fileRef = 3874AE0313EC6316004E05E8 /* TICDSFileManagerBasedListOfDocumentRegisteredClientsOperation.m */; };
		3874AE7413EC6316004E05E8 /* TICDSFileManagerBasedListOfPreviouslySynchronizedDocumentsOperation.m in Sources */ = {isa = PBXBuildFile; fileRef = 3874AE0513EC6316004E05E8 /* TICDSFileManagerBasedListOfPreviouslySynchronizedDocumentsOperation.m */; };
		3874AE7513EC6316004E05E8 /* TICDSFileManagerBasedRemoveAllRemoteSyncDataOperation.m in Sources */ = {isa = PBXBuildFile; fileRef = 3874AE0713EC6316004E05E8 /* TICDSFileManagerBasedRemoveAllRemoteSyncDataOperation.m */; };
		3874AE7613EC6316004E05E8 /* TICDSFileManagerBasedSynchronizationOperation.m in Sources */ = {isa = PBXBuildFile; fileRef = 3874AE0913EC6316004E05E8 /* TICDSFileManagerBasedSynchronizationOperation.m */; };
		3874AE7713EC6316004E05E8 /* TICDSFileManagerBasedVacuumOperation.m in Sources */ = {isa = PBXBuildFile; fileRef = 3874AE0B13EC6316004E05E8 /* TICDSFileManagerBasedVacuumOperation.m */; };
		3874AE7813EC6316004E05E8 /* TICDSFileManagerBasedWholeStoreDownloadOperation.m in Sources */ = {isa = PBXBuildFile; fileRef = 3874AE0D13EC6316004E05E8 /* TICDSFileManagerBasedWholeStoreDownloadOperation.m */; };
		3874AE7913EC6316004E05E8 /* TICDSFileManagerBasedWholeStoreUploadOperation.m in Sources */ = {isa = PBXBuildFile; fileRef = 3874AE0F13EC6316004E05E8 /* TICDSFileManagerBasedWholeStoreUploadOperation.m */; };
		3874AE7A13EC6316004E05E8 /* TICDSFileManagerBasedApplicationSyncManager.m in Sources */ = {isa = PBXBuildFile; fileRef = 3874AE1113EC6316004E05E8 /* TICDSFileManagerBasedApplicationSyncManager.m */; };
		3874AE7B13EC6316004E05E8 /* TICDSFileManagerBasedDocumentSyncManager.m in Sources */ = {isa = PBXBuildFile; fileRef = 3874AE1313EC6316004E05E8 /* TICDSFileManagerBasedDocumentSyncManager.m */; };
		3874AE7C13EC6316004E05E8 /* TICDSApplicationRegistrationOperation.m in Sources */ = {isa = PBXBuildFile; fileRef = 3874AE1613EC6316004E05E8 /* TICDSApplicationRegistrationOperation.m */; };
		3874AE7D13EC6316004E05E8 /* TICDSDocumentClientDeletionOperation.m in Sources */ = {isa = PBXBuildFile; fileRef = 3874AE1813EC6316004E05E8 /* TICDSDocumentClientDeletionOperation.m */; };
		3874AE7E13EC6316004E05E8 /* TICDSDocumentDeletionOperation.m in Sources */ = {isa = PBXBuildFile; fileRef = 3874AE1A13EC6316004E05E8 /* TICDSDocumentDeletionOperation.m */; };
		3874AE7F13EC6316004E05E8 /* TICDSDocumentRegistrationOperation.m in Sources */ = {isa = PBXBuildFile; fileRef = 3874AE1C13EC6316004E05E8 /* TICDSDocumentRegistrationOperation.m */; };
		3874AE8013EC6316004E05E8 /* TICDSListOfApplicationRegisteredClientsOperation.m in Sources */ = {isa = PBXBuildFile; fileRef = 3874AE1E13EC6316004E05E8 /* TICDSListOfApplicationRegisteredClientsOperation.m */; };
		3874AE8113EC6316004E05E8 /* TICDSListOfDocumentRegisteredClientsOperation.m in Sources */ = {isa = PBXBuildFile; fileRef = 3874AE2013EC6316004E05E8 /* TICDSListOfDocumentRegisteredClientsOperation.m */; };
		3874AE8213EC6316004E05E8 /* TICDSListOfPreviouslySynchronizedDocumentsOperation.m in Sources */ = {isa = PBXBuildFile; fileRef = 3874AE2213EC6316004E05E8 /* TICDSListOfPreviouslySynchronizedDocumentsOperation.m */; };
		3874AE8313EC6316004E05E8 /* TICDSOperation.m in Sources */ = {isa = PBXBuildFile; fileRef = 3874AE2413EC6316004E05E8 /* TICDSOperation.m */; };
		3874AE8413EC6316004E05E8 /* TICDSRemoveAllRemoteSyncDataOperation.m in Sources */ = {isa = PBXBuildFile; fileRef = 3874AE2613EC6316004E05E8 /* TICDSRemoveAllRemoteSyncDataOperation.m */; };
		3874AE8513EC6316004E05E8 /* TICDSSynchronizationOperation.m in Sources */ = {isa = PBXBuildFile; fileRef = 3874AE2813EC6316004E05E8 /* TICDSSynchronizationOperation.m */; };
		3874AE8613EC6316004E05E8 /* TICDSVacuumOperation.m in Sources */ = {isa = PBXBuildFile; fileRef = 3874AE2A13EC6316004E05E8 /* TICDSVacuumOperation.m */; };
		3874AE8713EC6316004E05E8 /* TICDSWholeStoreDownloadOperation.m in Sources */ = {isa = PBXBuildFile; fileRef = 3874AE2C13EC6316004E05E8 /* TICDSWholeStoreDownloadOperation.m */; };
		3874AE8813EC6316004E05E8 /* TICDSWholeStoreUploadOperation.m in Sources */ = {isa = PBXBuildFile; fileRef = 3874AE2E13EC6316004E05E8 /* TICDSWholeStoreUploadOperation.m */; };
		3874AE8913EC6316004E05E8 /* TICDSApplicationSyncManager.m in Sources */ = {isa = PBXBuildFile; fileRef = 3874AE3013EC6316004E05E8 /* TICDSApplicationSyncManager.m */; };
		3874AE8A13EC6316004E05E8 /* TICDSDocumentSyncManager.m in Sources */ = {isa = PBXBuildFile; fileRef = 3874AE3213EC6316004E05E8 /* TICDSDocumentSyncManager.m */; };
		3874AE8B13EC6316004E05E8 /* TICDSSyncConflict.m in Sources */ = {isa = PBXBuildFile; fileRef = 3874AE3413EC6316004E05E8 /* TICDSSyncConflict.m */; };
		3874AE8C13EC6316004E05E8 /* TICDSSynchronizedManagedObject.m in Sources */ = {isa = PBXBuildFile; fileRef = 3874AE3613EC6316004E05E8 /* TICDSSynchronizedManagedObject.m */; };
		3874AE8D13EC6316004E05E8 /* TICDSSynchronizedManagedObjectContext.m in Sources */ = {isa = PBXBuildFile; fileRef = 3874AE3813EC6316004E05E8 /* TICDSSynchronizedManagedObjectContext.m */; };
		3874AE8E13EC6316004E05E8 /* TICDSSyncChange.m in Sources */ = {isa = PBXBuildFile; fileRef = 3874AE3B13EC6316004E05E8 /* TICDSSyncChange.m */; };
		3874AE8F13EC6316004E05E8 /* TICDSSyncChange.xcdatamodel in Sources */ = {isa = PBXBuildFile; fileRef = 3874AE3C13EC6316004E05E8 /* TICDSSyncChange.xcdatamodel */; };
		3874AE9013EC6316004E05E8 /* TICDSSyncChangeSet.m in Sources */ = {isa = PBXBuildFile; fileRef = 3874AE3E13EC6316004E05E8 /* TICDSSyncChangeSet.m */; };
		3874AE9113EC6316004E05E8 /* TICDSSyncChangeSet.xcdatamodeld in Sources */ = {isa = PBXBuildFile; fileRef = 3874AE3F13EC6316004E05E8 /* TICDSSyncChangeSet.xcdatamodeld */; };
		3874AE9213EC6316004E05E8 /* FZACryptor.m in Sources */ = {isa = PBXBuildFile; fileRef = 3874AE4413EC6316004E05E8 /* FZACryptor.m */; };
		3874AE9313EC6316004E05E8 /* FZAKeyManager.m in Sources */ = {isa = PBXBuildFile; fileRef = 3874AE4613EC6316004E05E8 /* FZAKeyManager.m */; };
		3874AE9413EC6316004E05E8 /* FZAKeyManageriPhone.m in Sources */ = {isa = PBXBuildFile; fileRef = 3874AE4813EC6316004E05E8 /* FZAKeyManageriPhone.m */; };
		3874AE9513EC6316004E05E8 /* FZAKeyManagerMac.m in Sources */ = {isa = PBXBuildFile; fileRef = 3874AE4A13EC6316004E05E8 /* FZAKeyManagerMac.m */; };
		3874AE9613EC6316004E05E8 /* TICDSError.m in Sources */ = {isa = PBXBuildFile; fileRef = 3874AE4C13EC6316004E05E8 /* TICDSError.m */; };
		3874AE9713EC6316004E05E8 /* TICDSLog.m in Sources */ = {isa = PBXBuildFile; fileRef = 3874AE4E13EC6316004E05E8 /* TICDSLog.m */; };
		3874AE9813EC6316004E05E8 /* TICDSUtilities.m in Sources */ = {isa = PBXBuildFile; fileRef = 3874AE5013EC6316004E05E8 /* TICDSUtilities.m */; };
		3874AE9913EC6316004E05E8 /* deviceInfo.plist in Resources */ = {isa = PBXBuildFile; fileRef = 3874AE5213EC6316004E05E8 /* deviceInfo.plist */; };
		3874AE9A13EC6316004E05E8 /* documentInfo.plist in Resources */ = {isa = PBXBuildFile; fileRef = 3874AE5313EC6316004E05E8 /* documentInfo.plist */; };
		3874AE9B13EC6316004E05E8 /* ReadMe.txt in Resources */ = {isa = PBXBuildFile; fileRef = 3874AE5413EC6316004E05E8 /* ReadMe.txt */; };
		3874AE9C13EC6316004E05E8 /* NSObject+TIDelegateCommunications.m in Sources */ = {isa = PBXBuildFile; fileRef = 3874AE5713EC6316004E05E8 /* NSObject+TIDelegateCommunications.m */; };
		3874AE9D13EC6316004E05E8 /* TICoreDataFactory.m in Sources */ = {isa = PBXBuildFile; fileRef = 3874AE5913EC6316004E05E8 /* TICoreDataFactory.m */; };
		3874AE9E13EC6316004E05E8 /* TIKQDirectoryWatcher.m in Sources */ = {isa = PBXBuildFile; fileRef = 3874AE5B13EC6316004E05E8 /* TIKQDirectoryWatcher.m */; };
		3874AE9F13EC6316004E05E8 /* TIManagedObjectExtensions.m in Sources */ = {isa = PBXBuildFile; fileRef = 3874AE5D13EC6316004E05E8 /* TIManagedObjectExtensions.m */; };
		3883FE301376B0E7004D26B2 /* Security.framework in Frameworks */ = {isa = PBXBuildFile; fileRef = 3883FE2F1376B0E7004D26B2 /* Security.framework */; };
		388A3E80135707CA00824C88 /* Cocoa.framework in Frameworks */ = {isa = PBXBuildFile; fileRef = 388A3E7F135707CA00824C88 /* Cocoa.framework */; };
		388A3E8A135707CA00824C88 /* InfoPlist.strings in Resources */ = {isa = PBXBuildFile; fileRef = 388A3E88135707CA00824C88 /* InfoPlist.strings */; };
		388A3E8D135707CA00824C88 /* main.m in Sources */ = {isa = PBXBuildFile; fileRef = 388A3E8C135707CA00824C88 /* main.m */; };
		388A3E90135707CA00824C88 /* Credits.rtf in Resources */ = {isa = PBXBuildFile; fileRef = 388A3E8E135707CA00824C88 /* Credits.rtf */; };
		388A3E93135707CA00824C88 /* MyDocument.m in Sources */ = {isa = PBXBuildFile; fileRef = 388A3E92135707CA00824C88 /* MyDocument.m */; };
		388A3E96135707CA00824C88 /* MyDocument.xib in Resources */ = {isa = PBXBuildFile; fileRef = 388A3E94135707CA00824C88 /* MyDocument.xib */; };
		388A3E99135707CA00824C88 /* MainMenu.xib in Resources */ = {isa = PBXBuildFile; fileRef = 388A3E97135707CA00824C88 /* MainMenu.xib */; };
		389D76B9136329BC007F19DC /* DocumentSyncChangesWindow.xib in Resources */ = {isa = PBXBuildFile; fileRef = 389D76B8136329BC007F19DC /* DocumentSyncChangesWindow.xib */; };
		389F86BB1360902900004CA4 /* DropboxBoth.png in Resources */ = {isa = PBXBuildFile; fileRef = 389F86B51360902900004CA4 /* DropboxBoth.png */; };
		389F86BC1360902900004CA4 /* DropboxText.png in Resources */ = {isa = PBXBuildFile; fileRef = 389F86B61360902900004CA4 /* DropboxText.png */; };
		389F86BD1360902900004CA4 /* DropboxLogo.png in Resources */ = {isa = PBXBuildFile; fileRef = 389F86B71360902900004CA4 /* DropboxLogo.png */; };
		389F86BE1360902900004CA4 /* TISLSynchronizationController.m in Sources */ = {isa = PBXBuildFile; fileRef = 389F86B91360902900004CA4 /* TISLSynchronizationController.m */; };
		389F86BF1360902900004CA4 /* TISLSynchronizationWindow.xib in Resources */ = {isa = PBXBuildFile; fileRef = 389F86BA1360902900004CA4 /* TISLSynchronizationWindow.xib */; };
		389F86C81360933F00004CA4 /* QuartzCore.framework in Frameworks */ = {isa = PBXBuildFile; fileRef = 389F86C71360933F00004CA4 /* QuartzCore.framework */; };
		389F86CA1360934800004CA4 /* SystemConfiguration.framework in Frameworks */ = {isa = PBXBuildFile; fileRef = 389F86C91360934700004CA4 /* SystemConfiguration.framework */; };
		389F86CD136093D800004CA4 /* TISLAppDelegate.m in Sources */ = {isa = PBXBuildFile; fileRef = 389F86CC136093D800004CA4 /* TISLAppDelegate.m */; };
		38C0B62F13632A8600B63589 /* TIDocumentSyncChangesWindowController.m in Sources */ = {isa = PBXBuildFile; fileRef = 38C0B62E13632A8600B63589 /* TIDocumentSyncChangesWindowController.m */; };
		38FF6075135708F100D12E6D /* ShoppingList.xcdatamodeld in Sources */ = {isa = PBXBuildFile; fileRef = 38FF6074135708F100D12E6D /* ShoppingList.xcdatamodeld */; };
/* End PBXBuildFile section */

/* Begin PBXFileReference section */
		385878111363406B0015A40F /* DocumentShopsWindow.xib */ = {isa = PBXFileReference; fileEncoding = 4; lastKnownFileType = file.xib; path = DocumentShopsWindow.xib; sourceTree = "<group>"; };
		3863105913634163003D8EE3 /* TIDocumentShopsWindowController.h */ = {isa = PBXFileReference; fileEncoding = 4; lastKnownFileType = sourcecode.c.h; path = TIDocumentShopsWindowController.h; sourceTree = "<group>"; };
		3863105A13634163003D8EE3 /* TIDocumentShopsWindowController.m */ = {isa = PBXFileReference; fileEncoding = 4; lastKnownFileType = sourcecode.c.objc; path = TIDocumentShopsWindowController.m; sourceTree = "<group>"; };
		3874ADD213EC6316004E05E8 /* TICDSAllClassHeaders.h */ = {isa = PBXFileReference; fileEncoding = 4; lastKnownFileType = sourcecode.c.h; path = TICDSAllClassHeaders.h; sourceTree = "<group>"; };
		3874ADD313EC6316004E05E8 /* TICDSClassesAndProtocols.h */ = {isa = PBXFileReference; fileEncoding = 4; lastKnownFileType = sourcecode.c.h; path = TICDSClassesAndProtocols.h; sourceTree = "<group>"; };
		3874ADD413EC6316004E05E8 /* TICDSConstants.h */ = {isa = PBXFileReference; fileEncoding = 4; lastKnownFileType = sourcecode.c.h; path = TICDSConstants.h; sourceTree = "<group>"; };
		3874ADD513EC6316004E05E8 /* TICDSConstants.m */ = {isa = PBXFileReference; fileEncoding = 4; lastKnownFileType = sourcecode.c.objc; path = TICDSConstants.m; sourceTree = "<group>"; };
		3874ADD613EC6316004E05E8 /* TICDSTypesAndEnums.h */ = {isa = PBXFileReference; fileEncoding = 4; lastKnownFileType = sourcecode.c.h; path = TICDSTypesAndEnums.h; sourceTree = "<group>"; };
		3874ADDA13EC6316004E05E8 /* TICDSDropboxSDKBasedApplicationRegistrationOperation.h */ = {isa = PBXFileReference; fileEncoding = 4; lastKnownFileType = sourcecode.c.h; path = TICDSDropboxSDKBasedApplicationRegistrationOperation.h; sourceTree = "<group>"; };
		3874ADDB13EC6316004E05E8 /* TICDSDropboxSDKBasedApplicationRegistrationOperation.m */ = {isa = PBXFileReference; fileEncoding = 4; lastKnownFileType = sourcecode.c.objc; path = TICDSDropboxSDKBasedApplicationRegistrationOperation.m; sourceTree = "<group>"; };
		3874ADDC13EC6316004E05E8 /* TICDSDropboxSDKBasedDocumentClientDeletionOperation.h */ = {isa = PBXFileReference; fileEncoding = 4; lastKnownFileType = sourcecode.c.h; path = TICDSDropboxSDKBasedDocumentClientDeletionOperation.h; sourceTree = "<group>"; };
		3874ADDD13EC6316004E05E8 /* TICDSDropboxSDKBasedDocumentClientDeletionOperation.m */ = {isa = PBXFileReference; fileEncoding = 4; lastKnownFileType = sourcecode.c.objc; path = TICDSDropboxSDKBasedDocumentClientDeletionOperation.m; sourceTree = "<group>"; };
		3874ADDE13EC6316004E05E8 /* TICDSDropboxSDKBasedDocumentDeletionOperation.h */ = {isa = PBXFileReference; fileEncoding = 4; lastKnownFileType = sourcecode.c.h; path = TICDSDropboxSDKBasedDocumentDeletionOperation.h; sourceTree = "<group>"; };
		3874ADDF13EC6316004E05E8 /* TICDSDropboxSDKBasedDocumentDeletionOperation.m */ = {isa = PBXFileReference; fileEncoding = 4; lastKnownFileType = sourcecode.c.objc; path = TICDSDropboxSDKBasedDocumentDeletionOperation.m; sourceTree = "<group>"; };
		3874ADE013EC6316004E05E8 /* TICDSDropboxSDKBasedDocumentRegistrationOperation.h */ = {isa = PBXFileReference; fileEncoding = 4; lastKnownFileType = sourcecode.c.h; path = TICDSDropboxSDKBasedDocumentRegistrationOperation.h; sourceTree = "<group>"; };
		3874ADE113EC6316004E05E8 /* TICDSDropboxSDKBasedDocumentRegistrationOperation.m */ = {isa = PBXFileReference; fileEncoding = 4; lastKnownFileType = sourcecode.c.objc; path = TICDSDropboxSDKBasedDocumentRegistrationOperation.m; sourceTree = "<group>"; };
		3874ADE213EC6316004E05E8 /* TICDSDropboxSDKBasedListOfApplicationRegisteredClientsOperation.h */ = {isa = PBXFileReference; fileEncoding = 4; lastKnownFileType = sourcecode.c.h; path = TICDSDropboxSDKBasedListOfApplicationRegisteredClientsOperation.h; sourceTree = "<group>"; };
		3874ADE313EC6316004E05E8 /* TICDSDropboxSDKBasedListOfApplicationRegisteredClientsOperation.m */ = {isa = PBXFileReference; fileEncoding = 4; lastKnownFileType = sourcecode.c.objc; path = TICDSDropboxSDKBasedListOfApplicationRegisteredClientsOperation.m; sourceTree = "<group>"; };
		3874ADE413EC6316004E05E8 /* TICDSDropboxSDKBasedListOfDocumentRegisteredClientsOperation.h */ = {isa = PBXFileReference; fileEncoding = 4; lastKnownFileType = sourcecode.c.h; path = TICDSDropboxSDKBasedListOfDocumentRegisteredClientsOperation.h; sourceTree = "<group>"; };
		3874ADE513EC6316004E05E8 /* TICDSDropboxSDKBasedListOfDocumentRegisteredClientsOperation.m */ = {isa = PBXFileReference; fileEncoding = 4; lastKnownFileType = sourcecode.c.objc; path = TICDSDropboxSDKBasedListOfDocumentRegisteredClientsOperation.m; sourceTree = "<group>"; };
		3874ADE613EC6316004E05E8 /* TICDSDropboxSDKBasedListOfPreviouslySynchronizedDocumentsOperation.h */ = {isa = PBXFileReference; fileEncoding = 4; lastKnownFileType = sourcecode.c.h; path = TICDSDropboxSDKBasedListOfPreviouslySynchronizedDocumentsOperation.h; sourceTree = "<group>"; };
		3874ADE713EC6316004E05E8 /* TICDSDropboxSDKBasedListOfPreviouslySynchronizedDocumentsOperation.m */ = {isa = PBXFileReference; fileEncoding = 4; lastKnownFileType = sourcecode.c.objc; path = TICDSDropboxSDKBasedListOfPreviouslySynchronizedDocumentsOperation.m; sourceTree = "<group>"; };
		3874ADE813EC6316004E05E8 /* TICDSDropboxSDKBasedRemoveAllRemoteSyncDataOperation.h */ = {isa = PBXFileReference; fileEncoding = 4; lastKnownFileType = sourcecode.c.h; path = TICDSDropboxSDKBasedRemoveAllRemoteSyncDataOperation.h; sourceTree = "<group>"; };
		3874ADE913EC6316004E05E8 /* TICDSDropboxSDKBasedRemoveAllRemoteSyncDataOperation.m */ = {isa = PBXFileReference; fileEncoding = 4; lastKnownFileType = sourcecode.c.objc; path = TICDSDropboxSDKBasedRemoveAllRemoteSyncDataOperation.m; sourceTree = "<group>"; };
		3874ADEA13EC6316004E05E8 /* TICDSDropboxSDKBasedSynchronizationOperation.h */ = {isa = PBXFileReference; fileEncoding = 4; lastKnownFileType = sourcecode.c.h; path = TICDSDropboxSDKBasedSynchronizationOperation.h; sourceTree = "<group>"; };
		3874ADEB13EC6316004E05E8 /* TICDSDropboxSDKBasedSynchronizationOperation.m */ = {isa = PBXFileReference; fileEncoding = 4; lastKnownFileType = sourcecode.c.objc; path = TICDSDropboxSDKBasedSynchronizationOperation.m; sourceTree = "<group>"; };
		3874ADEC13EC6316004E05E8 /* TICDSDropboxSDKBasedVacuumOperation.h */ = {isa = PBXFileReference; fileEncoding = 4; lastKnownFileType = sourcecode.c.h; path = TICDSDropboxSDKBasedVacuumOperation.h; sourceTree = "<group>"; };
		3874ADED13EC6316004E05E8 /* TICDSDropboxSDKBasedVacuumOperation.m */ = {isa = PBXFileReference; fileEncoding = 4; lastKnownFileType = sourcecode.c.objc; path = TICDSDropboxSDKBasedVacuumOperation.m; sourceTree = "<group>"; };
		3874ADEE13EC6316004E05E8 /* TICDSDropboxSDKBasedWholeStoreDownloadOperation.h */ = {isa = PBXFileReference; fileEncoding = 4; lastKnownFileType = sourcecode.c.h; path = TICDSDropboxSDKBasedWholeStoreDownloadOperation.h; sourceTree = "<group>"; };
		3874ADEF13EC6316004E05E8 /* TICDSDropboxSDKBasedWholeStoreDownloadOperation.m */ = {isa = PBXFileReference; fileEncoding = 4; lastKnownFileType = sourcecode.c.objc; path = TICDSDropboxSDKBasedWholeStoreDownloadOperation.m; sourceTree = "<group>"; };
		3874ADF013EC6316004E05E8 /* TICDSDropboxSDKBasedWholeStoreUploadOperation.h */ = {isa = PBXFileReference; fileEncoding = 4; lastKnownFileType = sourcecode.c.h; path = TICDSDropboxSDKBasedWholeStoreUploadOperation.h; sourceTree = "<group>"; };
		3874ADF113EC6316004E05E8 /* TICDSDropboxSDKBasedWholeStoreUploadOperation.m */ = {isa = PBXFileReference; fileEncoding = 4; lastKnownFileType = sourcecode.c.objc; path = TICDSDropboxSDKBasedWholeStoreUploadOperation.m; sourceTree = "<group>"; };
		3874ADF213EC6316004E05E8 /* TICDSDropboxSDKBasedApplicationSyncManager.h */ = {isa = PBXFileReference; fileEncoding = 4; lastKnownFileType = sourcecode.c.h; path = TICDSDropboxSDKBasedApplicationSyncManager.h; sourceTree = "<group>"; };
		3874ADF313EC6316004E05E8 /* TICDSDropboxSDKBasedApplicationSyncManager.m */ = {isa = PBXFileReference; fileEncoding = 4; lastKnownFileType = sourcecode.c.objc; path = TICDSDropboxSDKBasedApplicationSyncManager.m; sourceTree = "<group>"; };
		3874ADF413EC6316004E05E8 /* TICDSDropboxSDKBasedDocumentSyncManager.h */ = {isa = PBXFileReference; fileEncoding = 4; lastKnownFileType = sourcecode.c.h; path = TICDSDropboxSDKBasedDocumentSyncManager.h; sourceTree = "<group>"; };
		3874ADF513EC6316004E05E8 /* TICDSDropboxSDKBasedDocumentSyncManager.m */ = {isa = PBXFileReference; fileEncoding = 4; lastKnownFileType = sourcecode.c.objc; path = TICDSDropboxSDKBasedDocumentSyncManager.m; sourceTree = "<group>"; };
		3874ADF813EC6316004E05E8 /* TICDSFileManagerBasedApplicationRegistrationOperation.h */ = {isa = PBXFileReference; fileEncoding = 4; lastKnownFileType = sourcecode.c.h; path = TICDSFileManagerBasedApplicationRegistrationOperation.h; sourceTree = "<group>"; };
		3874ADF913EC6316004E05E8 /* TICDSFileManagerBasedApplicationRegistrationOperation.m */ = {isa = PBXFileReference; fileEncoding = 4; lastKnownFileType = sourcecode.c.objc; path = TICDSFileManagerBasedApplicationRegistrationOperation.m; sourceTree = "<group>"; };
		3874ADFA13EC6316004E05E8 /* TICDSFileManagerBasedDocumentClientDeletionOperation.h */ = {isa = PBXFileReference; fileEncoding = 4; lastKnownFileType = sourcecode.c.h; path = TICDSFileManagerBasedDocumentClientDeletionOperation.h; sourceTree = "<group>"; };
		3874ADFB13EC6316004E05E8 /* TICDSFileManagerBasedDocumentClientDeletionOperation.m */ = {isa = PBXFileReference; fileEncoding = 4; lastKnownFileType = sourcecode.c.objc; path = TICDSFileManagerBasedDocumentClientDeletionOperation.m; sourceTree = "<group>"; };
		3874ADFC13EC6316004E05E8 /* TICDSFileManagerBasedDocumentDeletionOperation.h */ = {isa = PBXFileReference; fileEncoding = 4; lastKnownFileType = sourcecode.c.h; path = TICDSFileManagerBasedDocumentDeletionOperation.h; sourceTree = "<group>"; };
		3874ADFD13EC6316004E05E8 /* TICDSFileManagerBasedDocumentDeletionOperation.m */ = {isa = PBXFileReference; fileEncoding = 4; lastKnownFileType = sourcecode.c.objc; path = TICDSFileManagerBasedDocumentDeletionOperation.m; sourceTree = "<group>"; };
		3874ADFE13EC6316004E05E8 /* TICDSFileManagerBasedDocumentRegistrationOperation.h */ = {isa = PBXFileReference; fileEncoding = 4; lastKnownFileType = sourcecode.c.h; path = TICDSFileManagerBasedDocumentRegistrationOperation.h; sourceTree = "<group>"; };
		3874ADFF13EC6316004E05E8 /* TICDSFileManagerBasedDocumentRegistrationOperation.m */ = {isa = PBXFileReference; fileEncoding = 4; lastKnownFileType = sourcecode.c.objc; path = TICDSFileManagerBasedDocumentRegistrationOperation.m; sourceTree = "<group>"; };
		3874AE0013EC6316004E05E8 /* TICDSFileManagerBasedListOfApplicationRegisteredClientsOperation.h */ = {isa = PBXFileReference; fileEncoding = 4; lastKnownFileType = sourcecode.c.h; path = TICDSFileManagerBasedListOfApplicationRegisteredClientsOperation.h; sourceTree = "<group>"; };
		3874AE0113EC6316004E05E8 /* TICDSFileManagerBasedListOfApplicationRegisteredClientsOperation.m */ = {isa = PBXFileReference; fileEncoding = 4; lastKnownFileType = sourcecode.c.objc; path = TICDSFileManagerBasedListOfApplicationRegisteredClientsOperation.m; sourceTree = "<group>"; };
		3874AE0213EC6316004E05E8 /* TICDSFileManagerBasedListOfDocumentRegisteredClientsOperation.h */ = {isa = PBXFileReference; fileEncoding = 4; lastKnownFileType = sourcecode.c.h; path = TICDSFileManagerBasedListOfDocumentRegisteredClientsOperation.h; sourceTree = "<group>"; };
		3874AE0313EC6316004E05E8 /* TICDSFileManagerBasedListOfDocumentRegisteredClientsOperation.m */ = {isa = PBXFileReference; fileEncoding = 4; lastKnownFileType = sourcecode.c.objc; path = TICDSFileManagerBasedListOfDocumentRegisteredClientsOperation.m; sourceTree = "<group>"; };
		3874AE0413EC6316004E05E8 /* TICDSFileManagerBasedListOfPreviouslySynchronizedDocumentsOperation.h */ = {isa = PBXFileReference; fileEncoding = 4; lastKnownFileType = sourcecode.c.h; path = TICDSFileManagerBasedListOfPreviouslySynchronizedDocumentsOperation.h; sourceTree = "<group>"; };
		3874AE0513EC6316004E05E8 /* TICDSFileManagerBasedListOfPreviouslySynchronizedDocumentsOperation.m */ = {isa = PBXFileReference; fileEncoding = 4; lastKnownFileType = sourcecode.c.objc; path = TICDSFileManagerBasedListOfPreviouslySynchronizedDocumentsOperation.m; sourceTree = "<group>"; };
		3874AE0613EC6316004E05E8 /* TICDSFileManagerBasedRemoveAllRemoteSyncDataOperation.h */ = {isa = PBXFileReference; fileEncoding = 4; lastKnownFileType = sourcecode.c.h; path = TICDSFileManagerBasedRemoveAllRemoteSyncDataOperation.h; sourceTree = "<group>"; };
		3874AE0713EC6316004E05E8 /* TICDSFileManagerBasedRemoveAllRemoteSyncDataOperation.m */ = {isa = PBXFileReference; fileEncoding = 4; lastKnownFileType = sourcecode.c.objc; path = TICDSFileManagerBasedRemoveAllRemoteSyncDataOperation.m; sourceTree = "<group>"; };
		3874AE0813EC6316004E05E8 /* TICDSFileManagerBasedSynchronizationOperation.h */ = {isa = PBXFileReference; fileEncoding = 4; lastKnownFileType = sourcecode.c.h; path = TICDSFileManagerBasedSynchronizationOperation.h; sourceTree = "<group>"; };
		3874AE0913EC6316004E05E8 /* TICDSFileManagerBasedSynchronizationOperation.m */ = {isa = PBXFileReference; fileEncoding = 4; lastKnownFileType = sourcecode.c.objc; path = TICDSFileManagerBasedSynchronizationOperation.m; sourceTree = "<group>"; };
		3874AE0A13EC6316004E05E8 /* TICDSFileManagerBasedVacuumOperation.h */ = {isa = PBXFileReference; fileEncoding = 4; lastKnownFileType = sourcecode.c.h; path = TICDSFileManagerBasedVacuumOperation.h; sourceTree = "<group>"; };
		3874AE0B13EC6316004E05E8 /* TICDSFileManagerBasedVacuumOperation.m */ = {isa = PBXFileReference; fileEncoding = 4; lastKnownFileType = sourcecode.c.objc; path = TICDSFileManagerBasedVacuumOperation.m; sourceTree = "<group>"; };
		3874AE0C13EC6316004E05E8 /* TICDSFileManagerBasedWholeStoreDownloadOperation.h */ = {isa = PBXFileReference; fileEncoding = 4; lastKnownFileType = sourcecode.c.h; path = TICDSFileManagerBasedWholeStoreDownloadOperation.h; sourceTree = "<group>"; };
		3874AE0D13EC6316004E05E8 /* TICDSFileManagerBasedWholeStoreDownloadOperation.m */ = {isa = PBXFileReference; fileEncoding = 4; lastKnownFileType = sourcecode.c.objc; path = TICDSFileManagerBasedWholeStoreDownloadOperation.m; sourceTree = "<group>"; };
		3874AE0E13EC6316004E05E8 /* TICDSFileManagerBasedWholeStoreUploadOperation.h */ = {isa = PBXFileReference; fileEncoding = 4; lastKnownFileType = sourcecode.c.h; path = TICDSFileManagerBasedWholeStoreUploadOperation.h; sourceTree = "<group>"; };
		3874AE0F13EC6316004E05E8 /* TICDSFileManagerBasedWholeStoreUploadOperation.m */ = {isa = PBXFileReference; fileEncoding = 4; lastKnownFileType = sourcecode.c.objc; path = TICDSFileManagerBasedWholeStoreUploadOperation.m; sourceTree = "<group>"; };
		3874AE1013EC6316004E05E8 /* TICDSFileManagerBasedApplicationSyncManager.h */ = {isa = PBXFileReference; fileEncoding = 4; lastKnownFileType = sourcecode.c.h; path = TICDSFileManagerBasedApplicationSyncManager.h; sourceTree = "<group>"; };
		3874AE1113EC6316004E05E8 /* TICDSFileManagerBasedApplicationSyncManager.m */ = {isa = PBXFileReference; fileEncoding = 4; lastKnownFileType = sourcecode.c.objc; path = TICDSFileManagerBasedApplicationSyncManager.m; sourceTree = "<group>"; };
		3874AE1213EC6316004E05E8 /* TICDSFileManagerBasedDocumentSyncManager.h */ = {isa = PBXFileReference; fileEncoding = 4; lastKnownFileType = sourcecode.c.h; path = TICDSFileManagerBasedDocumentSyncManager.h; sourceTree = "<group>"; };
		3874AE1313EC6316004E05E8 /* TICDSFileManagerBasedDocumentSyncManager.m */ = {isa = PBXFileReference; fileEncoding = 4; lastKnownFileType = sourcecode.c.objc; path = TICDSFileManagerBasedDocumentSyncManager.m; sourceTree = "<group>"; };
		3874AE1513EC6316004E05E8 /* TICDSApplicationRegistrationOperation.h */ = {isa = PBXFileReference; fileEncoding = 4; lastKnownFileType = sourcecode.c.h; path = TICDSApplicationRegistrationOperation.h; sourceTree = "<group>"; };
		3874AE1613EC6316004E05E8 /* TICDSApplicationRegistrationOperation.m */ = {isa = PBXFileReference; fileEncoding = 4; lastKnownFileType = sourcecode.c.objc; path = TICDSApplicationRegistrationOperation.m; sourceTree = "<group>"; };
		3874AE1713EC6316004E05E8 /* TICDSDocumentClientDeletionOperation.h */ = {isa = PBXFileReference; fileEncoding = 4; lastKnownFileType = sourcecode.c.h; path = TICDSDocumentClientDeletionOperation.h; sourceTree = "<group>"; };
		3874AE1813EC6316004E05E8 /* TICDSDocumentClientDeletionOperation.m */ = {isa = PBXFileReference; fileEncoding = 4; lastKnownFileType = sourcecode.c.objc; path = TICDSDocumentClientDeletionOperation.m; sourceTree = "<group>"; };
		3874AE1913EC6316004E05E8 /* TICDSDocumentDeletionOperation.h */ = {isa = PBXFileReference; fileEncoding = 4; lastKnownFileType = sourcecode.c.h; path = TICDSDocumentDeletionOperation.h; sourceTree = "<group>"; };
		3874AE1A13EC6316004E05E8 /* TICDSDocumentDeletionOperation.m */ = {isa = PBXFileReference; fileEncoding = 4; lastKnownFileType = sourcecode.c.objc; path = TICDSDocumentDeletionOperation.m; sourceTree = "<group>"; };
		3874AE1B13EC6316004E05E8 /* TICDSDocumentRegistrationOperation.h */ = {isa = PBXFileReference; fileEncoding = 4; lastKnownFileType = sourcecode.c.h; path = TICDSDocumentRegistrationOperation.h; sourceTree = "<group>"; };
		3874AE1C13EC6316004E05E8 /* TICDSDocumentRegistrationOperation.m */ = {isa = PBXFileReference; fileEncoding = 4; lastKnownFileType = sourcecode.c.objc; path = TICDSDocumentRegistrationOperation.m; sourceTree = "<group>"; };
		3874AE1D13EC6316004E05E8 /* TICDSListOfApplicationRegisteredClientsOperation.h */ = {isa = PBXFileReference; fileEncoding = 4; lastKnownFileType = sourcecode.c.h; path = TICDSListOfApplicationRegisteredClientsOperation.h; sourceTree = "<group>"; };
		3874AE1E13EC6316004E05E8 /* TICDSListOfApplicationRegisteredClientsOperation.m */ = {isa = PBXFileReference; fileEncoding = 4; lastKnownFileType = sourcecode.c.objc; path = TICDSListOfApplicationRegisteredClientsOperation.m; sourceTree = "<group>"; };
		3874AE1F13EC6316004E05E8 /* TICDSListOfDocumentRegisteredClientsOperation.h */ = {isa = PBXFileReference; fileEncoding = 4; lastKnownFileType = sourcecode.c.h; path = TICDSListOfDocumentRegisteredClientsOperation.h; sourceTree = "<group>"; };
		3874AE2013EC6316004E05E8 /* TICDSListOfDocumentRegisteredClientsOperation.m */ = {isa = PBXFileReference; fileEncoding = 4; lastKnownFileType = sourcecode.c.objc; path = TICDSListOfDocumentRegisteredClientsOperation.m; sourceTree = "<group>"; };
		3874AE2113EC6316004E05E8 /* TICDSListOfPreviouslySynchronizedDocumentsOperation.h */ = {isa = PBXFileReference; fileEncoding = 4; lastKnownFileType = sourcecode.c.h; path = TICDSListOfPreviouslySynchronizedDocumentsOperation.h; sourceTree = "<group>"; };
		3874AE2213EC6316004E05E8 /* TICDSListOfPreviouslySynchronizedDocumentsOperation.m */ = {isa = PBXFileReference; fileEncoding = 4; lastKnownFileType = sourcecode.c.objc; path = TICDSListOfPreviouslySynchronizedDocumentsOperation.m; sourceTree = "<group>"; };
		3874AE2313EC6316004E05E8 /* TICDSOperation.h */ = {isa = PBXFileReference; fileEncoding = 4; lastKnownFileType = sourcecode.c.h; path = TICDSOperation.h; sourceTree = "<group>"; };
		3874AE2413EC6316004E05E8 /* TICDSOperation.m */ = {isa = PBXFileReference; fileEncoding = 4; lastKnownFileType = sourcecode.c.objc; path = TICDSOperation.m; sourceTree = "<group>"; };
		3874AE2513EC6316004E05E8 /* TICDSRemoveAllRemoteSyncDataOperation.h */ = {isa = PBXFileReference; fileEncoding = 4; lastKnownFileType = sourcecode.c.h; path = TICDSRemoveAllRemoteSyncDataOperation.h; sourceTree = "<group>"; };
		3874AE2613EC6316004E05E8 /* TICDSRemoveAllRemoteSyncDataOperation.m */ = {isa = PBXFileReference; fileEncoding = 4; lastKnownFileType = sourcecode.c.objc; path = TICDSRemoveAllRemoteSyncDataOperation.m; sourceTree = "<group>"; };
		3874AE2713EC6316004E05E8 /* TICDSSynchronizationOperation.h */ = {isa = PBXFileReference; fileEncoding = 4; lastKnownFileType = sourcecode.c.h; path = TICDSSynchronizationOperation.h; sourceTree = "<group>"; };
		3874AE2813EC6316004E05E8 /* TICDSSynchronizationOperation.m */ = {isa = PBXFileReference; fileEncoding = 4; lastKnownFileType = sourcecode.c.objc; path = TICDSSynchronizationOperation.m; sourceTree = "<group>"; };
		3874AE2913EC6316004E05E8 /* TICDSVacuumOperation.h */ = {isa = PBXFileReference; fileEncoding = 4; lastKnownFileType = sourcecode.c.h; path = TICDSVacuumOperation.h; sourceTree = "<group>"; };
		3874AE2A13EC6316004E05E8 /* TICDSVacuumOperation.m */ = {isa = PBXFileReference; fileEncoding = 4; lastKnownFileType = sourcecode.c.objc; path = TICDSVacuumOperation.m; sourceTree = "<group>"; };
		3874AE2B13EC6316004E05E8 /* TICDSWholeStoreDownloadOperation.h */ = {isa = PBXFileReference; fileEncoding = 4; lastKnownFileType = sourcecode.c.h; path = TICDSWholeStoreDownloadOperation.h; sourceTree = "<group>"; };
		3874AE2C13EC6316004E05E8 /* TICDSWholeStoreDownloadOperation.m */ = {isa = PBXFileReference; fileEncoding = 4; lastKnownFileType = sourcecode.c.objc; path = TICDSWholeStoreDownloadOperation.m; sourceTree = "<group>"; };
		3874AE2D13EC6316004E05E8 /* TICDSWholeStoreUploadOperation.h */ = {isa = PBXFileReference; fileEncoding = 4; lastKnownFileType = sourcecode.c.h; path = TICDSWholeStoreUploadOperation.h; sourceTree = "<group>"; };
		3874AE2E13EC6316004E05E8 /* TICDSWholeStoreUploadOperation.m */ = {isa = PBXFileReference; fileEncoding = 4; lastKnownFileType = sourcecode.c.objc; path = TICDSWholeStoreUploadOperation.m; sourceTree = "<group>"; };
		3874AE2F13EC6316004E05E8 /* TICDSApplicationSyncManager.h */ = {isa = PBXFileReference; fileEncoding = 4; lastKnownFileType = sourcecode.c.h; path = TICDSApplicationSyncManager.h; sourceTree = "<group>"; };
		3874AE3013EC6316004E05E8 /* TICDSApplicationSyncManager.m */ = {isa = PBXFileReference; fileEncoding = 4; lastKnownFileType = sourcecode.c.objc; path = TICDSApplicationSyncManager.m; sourceTree = "<group>"; };
		3874AE3113EC6316004E05E8 /* TICDSDocumentSyncManager.h */ = {isa = PBXFileReference; fileEncoding = 4; lastKnownFileType = sourcecode.c.h; path = TICDSDocumentSyncManager.h; sourceTree = "<group>"; };
		3874AE3213EC6316004E05E8 /* TICDSDocumentSyncManager.m */ = {isa = PBXFileReference; fileEncoding = 4; lastKnownFileType = sourcecode.c.objc; path = TICDSDocumentSyncManager.m; sourceTree = "<group>"; };
		3874AE3313EC6316004E05E8 /* TICDSSyncConflict.h */ = {isa = PBXFileReference; fileEncoding = 4; lastKnownFileType = sourcecode.c.h; path = TICDSSyncConflict.h; sourceTree = "<group>"; };
		3874AE3413EC6316004E05E8 /* TICDSSyncConflict.m */ = {isa = PBXFileReference; fileEncoding = 4; lastKnownFileType = sourcecode.c.objc; path = TICDSSyncConflict.m; sourceTree = "<group>"; };
		3874AE3513EC6316004E05E8 /* TICDSSynchronizedManagedObject.h */ = {isa = PBXFileReference; fileEncoding = 4; lastKnownFileType = sourcecode.c.h; path = TICDSSynchronizedManagedObject.h; sourceTree = "<group>"; };
		3874AE3613EC6316004E05E8 /* TICDSSynchronizedManagedObject.m */ = {isa = PBXFileReference; fileEncoding = 4; lastKnownFileType = sourcecode.c.objc; path = TICDSSynchronizedManagedObject.m; sourceTree = "<group>"; };
		3874AE3713EC6316004E05E8 /* TICDSSynchronizedManagedObjectContext.h */ = {isa = PBXFileReference; fileEncoding = 4; lastKnownFileType = sourcecode.c.h; path = TICDSSynchronizedManagedObjectContext.h; sourceTree = "<group>"; };
		3874AE3813EC6316004E05E8 /* TICDSSynchronizedManagedObjectContext.m */ = {isa = PBXFileReference; fileEncoding = 4; lastKnownFileType = sourcecode.c.objc; path = TICDSSynchronizedManagedObjectContext.m; sourceTree = "<group>"; };
		3874AE3A13EC6316004E05E8 /* TICDSSyncChange.h */ = {isa = PBXFileReference; fileEncoding = 4; lastKnownFileType = sourcecode.c.h; path = TICDSSyncChange.h; sourceTree = "<group>"; };
		3874AE3B13EC6316004E05E8 /* TICDSSyncChange.m */ = {isa = PBXFileReference; fileEncoding = 4; lastKnownFileType = sourcecode.c.objc; path = TICDSSyncChange.m; sourceTree = "<group>"; };
		3874AE3C13EC6316004E05E8 /* TICDSSyncChange.xcdatamodel */ = {isa = PBXFileReference; lastKnownFileType = wrapper.xcdatamodel; path = TICDSSyncChange.xcdatamodel; sourceTree = "<group>"; };
		3874AE3D13EC6316004E05E8 /* TICDSSyncChangeSet.h */ = {isa = PBXFileReference; fileEncoding = 4; lastKnownFileType = sourcecode.c.h; path = TICDSSyncChangeSet.h; sourceTree = "<group>"; };
		3874AE3E13EC6316004E05E8 /* TICDSSyncChangeSet.m */ = {isa = PBXFileReference; fileEncoding = 4; lastKnownFileType = sourcecode.c.objc; path = TICDSSyncChangeSet.m; sourceTree = "<group>"; };
		3874AE4013EC6316004E05E8 /* TICDSSyncChangeSet.xcdatamodel */ = {isa = PBXFileReference; lastKnownFileType = wrapper.xcdatamodel; path = TICDSSyncChangeSet.xcdatamodel; sourceTree = "<group>"; };
		3874AE4313EC6316004E05E8 /* FZACryptor.h */ = {isa = PBXFileReference; fileEncoding = 4; lastKnownFileType = sourcecode.c.h; path = FZACryptor.h; sourceTree = "<group>"; };
		3874AE4413EC6316004E05E8 /* FZACryptor.m */ = {isa = PBXFileReference; fileEncoding = 4; lastKnownFileType = sourcecode.c.objc; path = FZACryptor.m; sourceTree = "<group>"; };
		3874AE4513EC6316004E05E8 /* FZAKeyManager.h */ = {isa = PBXFileReference; fileEncoding = 4; lastKnownFileType = sourcecode.c.h; path = FZAKeyManager.h; sourceTree = "<group>"; };
		3874AE4613EC6316004E05E8 /* FZAKeyManager.m */ = {isa = PBXFileReference; fileEncoding = 4; lastKnownFileType = sourcecode.c.objc; path = FZAKeyManager.m; sourceTree = "<group>"; };
		3874AE4713EC6316004E05E8 /* FZAKeyManageriPhone.h */ = {isa = PBXFileReference; fileEncoding = 4; lastKnownFileType = sourcecode.c.h; path = FZAKeyManageriPhone.h; sourceTree = "<group>"; };
		3874AE4813EC6316004E05E8 /* FZAKeyManageriPhone.m */ = {isa = PBXFileReference; fileEncoding = 4; lastKnownFileType = sourcecode.c.objc; path = FZAKeyManageriPhone.m; sourceTree = "<group>"; };
		3874AE4913EC6316004E05E8 /* FZAKeyManagerMac.h */ = {isa = PBXFileReference; fileEncoding = 4; lastKnownFileType = sourcecode.c.h; path = FZAKeyManagerMac.h; sourceTree = "<group>"; };
		3874AE4A13EC6316004E05E8 /* FZAKeyManagerMac.m */ = {isa = PBXFileReference; fileEncoding = 4; lastKnownFileType = sourcecode.c.objc; path = FZAKeyManagerMac.m; sourceTree = "<group>"; };
		3874AE4B13EC6316004E05E8 /* TICDSError.h */ = {isa = PBXFileReference; fileEncoding = 4; lastKnownFileType = sourcecode.c.h; path = TICDSError.h; sourceTree = "<group>"; };
		3874AE4C13EC6316004E05E8 /* TICDSError.m */ = {isa = PBXFileReference; fileEncoding = 4; lastKnownFileType = sourcecode.c.objc; path = TICDSError.m; sourceTree = "<group>"; };
		3874AE4D13EC6316004E05E8 /* TICDSLog.h */ = {isa = PBXFileReference; fileEncoding = 4; lastKnownFileType = sourcecode.c.h; path = TICDSLog.h; sourceTree = "<group>"; };
		3874AE4E13EC6316004E05E8 /* TICDSLog.m */ = {isa = PBXFileReference; fileEncoding = 4; lastKnownFileType = sourcecode.c.objc; path = TICDSLog.m; sourceTree = "<group>"; };
		3874AE4F13EC6316004E05E8 /* TICDSUtilities.h */ = {isa = PBXFileReference; fileEncoding = 4; lastKnownFileType = sourcecode.c.h; path = TICDSUtilities.h; sourceTree = "<group>"; };
		3874AE5013EC6316004E05E8 /* TICDSUtilities.m */ = {isa = PBXFileReference; fileEncoding = 4; lastKnownFileType = sourcecode.c.objc; path = TICDSUtilities.m; sourceTree = "<group>"; };
		3874AE5213EC6316004E05E8 /* deviceInfo.plist */ = {isa = PBXFileReference; fileEncoding = 4; lastKnownFileType = text.plist.xml; path = deviceInfo.plist; sourceTree = "<group>"; };
		3874AE5313EC6316004E05E8 /* documentInfo.plist */ = {isa = PBXFileReference; fileEncoding = 4; lastKnownFileType = text.plist.xml; path = documentInfo.plist; sourceTree = "<group>"; };
		3874AE5413EC6316004E05E8 /* ReadMe.txt */ = {isa = PBXFileReference; fileEncoding = 4; lastKnownFileType = text; path = ReadMe.txt; sourceTree = "<group>"; };
		3874AE5613EC6316004E05E8 /* NSObject+TIDelegateCommunications.h */ = {isa = PBXFileReference; fileEncoding = 4; lastKnownFileType = sourcecode.c.h; path = "NSObject+TIDelegateCommunications.h"; sourceTree = "<group>"; };
		3874AE5713EC6316004E05E8 /* NSObject+TIDelegateCommunications.m */ = {isa = PBXFileReference; fileEncoding = 4; lastKnownFileType = sourcecode.c.objc; path = "NSObject+TIDelegateCommunications.m"; sourceTree = "<group>"; };
		3874AE5813EC6316004E05E8 /* TICoreDataFactory.h */ = {isa = PBXFileReference; fileEncoding = 4; lastKnownFileType = sourcecode.c.h; path = TICoreDataFactory.h; sourceTree = "<group>"; };
		3874AE5913EC6316004E05E8 /* TICoreDataFactory.m */ = {isa = PBXFileReference; fileEncoding = 4; lastKnownFileType = sourcecode.c.objc; path = TICoreDataFactory.m; sourceTree = "<group>"; };
		3874AE5A13EC6316004E05E8 /* TIKQDirectoryWatcher.h */ = {isa = PBXFileReference; fileEncoding = 4; lastKnownFileType = sourcecode.c.h; path = TIKQDirectoryWatcher.h; sourceTree = "<group>"; };
		3874AE5B13EC6316004E05E8 /* TIKQDirectoryWatcher.m */ = {isa = PBXFileReference; fileEncoding = 4; lastKnownFileType = sourcecode.c.objc; path = TIKQDirectoryWatcher.m; sourceTree = "<group>"; };
		3874AE5C13EC6316004E05E8 /* TIManagedObjectExtensions.h */ = {isa = PBXFileReference; fileEncoding = 4; lastKnownFileType = sourcecode.c.h; path = TIManagedObjectExtensions.h; sourceTree = "<group>"; };
		3874AE5D13EC6316004E05E8 /* TIManagedObjectExtensions.m */ = {isa = PBXFileReference; fileEncoding = 4; lastKnownFileType = sourcecode.c.objc; path = TIManagedObjectExtensions.m; sourceTree = "<group>"; };
		3874AE5E13EC6316004E05E8 /* TICoreDataSync.h */ = {isa = PBXFileReference; fileEncoding = 4; lastKnownFileType = sourcecode.c.h; path = TICoreDataSync.h; sourceTree = "<group>"; };
		3883FE2F1376B0E7004D26B2 /* Security.framework */ = {isa = PBXFileReference; lastKnownFileType = wrapper.framework; name = Security.framework; path = System/Library/Frameworks/Security.framework; sourceTree = SDKROOT; };
		388A3E7B135707CA00824C88 /* ShoppingListMac.app */ = {isa = PBXFileReference; explicitFileType = wrapper.application; includeInIndex = 0; path = ShoppingListMac.app; sourceTree = BUILT_PRODUCTS_DIR; };
		388A3E7F135707CA00824C88 /* Cocoa.framework */ = {isa = PBXFileReference; lastKnownFileType = wrapper.framework; name = Cocoa.framework; path = System/Library/Frameworks/Cocoa.framework; sourceTree = SDKROOT; };
		388A3E82135707CA00824C88 /* AppKit.framework */ = {isa = PBXFileReference; lastKnownFileType = wrapper.framework; name = AppKit.framework; path = System/Library/Frameworks/AppKit.framework; sourceTree = SDKROOT; };
		388A3E83135707CA00824C88 /* CoreData.framework */ = {isa = PBXFileReference; lastKnownFileType = wrapper.framework; name = CoreData.framework; path = System/Library/Frameworks/CoreData.framework; sourceTree = SDKROOT; };
		388A3E84135707CA00824C88 /* Foundation.framework */ = {isa = PBXFileReference; lastKnownFileType = wrapper.framework; name = Foundation.framework; path = System/Library/Frameworks/Foundation.framework; sourceTree = SDKROOT; };
		388A3E87135707CA00824C88 /* ShoppingListMac-Info.plist */ = {isa = PBXFileReference; lastKnownFileType = text.plist.xml; path = "ShoppingListMac-Info.plist"; sourceTree = "<group>"; };
		388A3E89135707CA00824C88 /* en */ = {isa = PBXFileReference; lastKnownFileType = text.plist.strings; name = en; path = en.lproj/InfoPlist.strings; sourceTree = "<group>"; };
		388A3E8B135707CA00824C88 /* ShoppingListMac-Prefix.pch */ = {isa = PBXFileReference; lastKnownFileType = sourcecode.c.h; path = "ShoppingListMac-Prefix.pch"; sourceTree = "<group>"; };
		388A3E8C135707CA00824C88 /* main.m */ = {isa = PBXFileReference; lastKnownFileType = sourcecode.c.objc; path = main.m; sourceTree = "<group>"; };
		388A3E8F135707CA00824C88 /* en */ = {isa = PBXFileReference; lastKnownFileType = text.rtf; name = en; path = en.lproj/Credits.rtf; sourceTree = "<group>"; };
		388A3E91135707CA00824C88 /* MyDocument.h */ = {isa = PBXFileReference; lastKnownFileType = sourcecode.c.h; path = MyDocument.h; sourceTree = "<group>"; };
		388A3E92135707CA00824C88 /* MyDocument.m */ = {isa = PBXFileReference; lastKnownFileType = sourcecode.c.objc; path = MyDocument.m; sourceTree = "<group>"; };
		388A3E95135707CA00824C88 /* en */ = {isa = PBXFileReference; lastKnownFileType = file.xib; name = en; path = en.lproj/MyDocument.xib; sourceTree = "<group>"; };
		388A3E98135707CA00824C88 /* en */ = {isa = PBXFileReference; lastKnownFileType = file.xib; name = en; path = en.lproj/MainMenu.xib; sourceTree = "<group>"; };
		389D76B8136329BC007F19DC /* DocumentSyncChangesWindow.xib */ = {isa = PBXFileReference; fileEncoding = 4; lastKnownFileType = file.xib; path = DocumentSyncChangesWindow.xib; sourceTree = "<group>"; };
		389F86B51360902900004CA4 /* DropboxBoth.png */ = {isa = PBXFileReference; lastKnownFileType = image.png; path = DropboxBoth.png; sourceTree = "<group>"; };
		389F86B61360902900004CA4 /* DropboxText.png */ = {isa = PBXFileReference; lastKnownFileType = image.png; path = DropboxText.png; sourceTree = "<group>"; };
		389F86B71360902900004CA4 /* DropboxLogo.png */ = {isa = PBXFileReference; lastKnownFileType = image.png; path = DropboxLogo.png; sourceTree = "<group>"; };
		389F86B81360902900004CA4 /* TISLSynchronizationController.h */ = {isa = PBXFileReference; fileEncoding = 4; lastKnownFileType = sourcecode.c.h; path = TISLSynchronizationController.h; sourceTree = "<group>"; };
		389F86B91360902900004CA4 /* TISLSynchronizationController.m */ = {isa = PBXFileReference; fileEncoding = 4; lastKnownFileType = sourcecode.c.objc; lineEnding = 0; path = TISLSynchronizationController.m; sourceTree = "<group>"; xcLanguageSpecificationIdentifier = xcode.lang.objc; };
		389F86BA1360902900004CA4 /* TISLSynchronizationWindow.xib */ = {isa = PBXFileReference; fileEncoding = 4; lastKnownFileType = file.xib; path = TISLSynchronizationWindow.xib; sourceTree = "<group>"; };
		389F86C71360933F00004CA4 /* QuartzCore.framework */ = {isa = PBXFileReference; lastKnownFileType = wrapper.framework; name = QuartzCore.framework; path = System/Library/Frameworks/QuartzCore.framework; sourceTree = SDKROOT; };
		389F86C91360934700004CA4 /* SystemConfiguration.framework */ = {isa = PBXFileReference; lastKnownFileType = wrapper.framework; name = SystemConfiguration.framework; path = System/Library/Frameworks/SystemConfiguration.framework; sourceTree = SDKROOT; };
		389F86CB136093D800004CA4 /* TISLAppDelegate.h */ = {isa = PBXFileReference; fileEncoding = 4; lastKnownFileType = sourcecode.c.h; path = TISLAppDelegate.h; sourceTree = "<group>"; };
		389F86CC136093D800004CA4 /* TISLAppDelegate.m */ = {isa = PBXFileReference; fileEncoding = 4; lastKnownFileType = sourcecode.c.objc; path = TISLAppDelegate.m; sourceTree = "<group>"; };
		38C0B62D13632A8600B63589 /* TIDocumentSyncChangesWindowController.h */ = {isa = PBXFileReference; fileEncoding = 4; lastKnownFileType = sourcecode.c.h; path = TIDocumentSyncChangesWindowController.h; sourceTree = "<group>"; };
		38C0B62E13632A8600B63589 /* TIDocumentSyncChangesWindowController.m */ = {isa = PBXFileReference; fileEncoding = 4; lastKnownFileType = sourcecode.c.objc; path = TIDocumentSyncChangesWindowController.m; sourceTree = "<group>"; };
		38FF6070135708E900D12E6D /* ShoppingList.xcdatamodel */ = {isa = PBXFileReference; fileEncoding = 4; lastKnownFileType = wrapper.xcdatamodel; path = ShoppingList.xcdatamodel; sourceTree = "<group>"; };
		38FF6076135708F100D12E6D /* ShoppingList 2.xcdatamodel */ = {isa = PBXFileReference; lastKnownFileType = wrapper.xcdatamodel; path = "ShoppingList 2.xcdatamodel"; sourceTree = "<group>"; };
/* End PBXFileReference section */

/* Begin PBXFrameworksBuildPhase section */
		388A3E78135707CA00824C88 /* Frameworks */ = {
			isa = PBXFrameworksBuildPhase;
			buildActionMask = 2147483647;
			files = (
				3883FE301376B0E7004D26B2 /* Security.framework in Frameworks */,
				389F86CA1360934800004CA4 /* SystemConfiguration.framework in Frameworks */,
				389F86C81360933F00004CA4 /* QuartzCore.framework in Frameworks */,
				388A3E80135707CA00824C88 /* Cocoa.framework in Frameworks */,
			);
			runOnlyForDeploymentPostprocessing = 0;
		};
/* End PBXFrameworksBuildPhase section */

/* Begin PBXGroup section */
		3874ADD013EC6316004E05E8 /* TICoreDataSync */ = {
			isa = PBXGroup;
			children = (
				3874ADD113EC6316004E05E8 /* 01 Headers and Constants */,
				3874ADD713EC6316004E05E8 /* 02 Primary Classes */,
				3874AE3913EC6316004E05E8 /* 03 Internal Data Model */,
				3874AE4113EC6316004E05E8 /* 04 Utilities */,
				3874AE5113EC6316004E05E8 /* 05 File Structure */,
				3874AE5513EC6316004E05E8 /* 06 External Sources */,
				3874AE5E13EC6316004E05E8 /* TICoreDataSync.h */,
			);
			name = TICoreDataSync;
			path = ../../TICoreDataSync;
			sourceTree = "<group>";
		};
		3874ADD113EC6316004E05E8 /* 01 Headers and Constants */ = {
			isa = PBXGroup;
			children = (
				3874ADD213EC6316004E05E8 /* TICDSAllClassHeaders.h */,
				3874ADD313EC6316004E05E8 /* TICDSClassesAndProtocols.h */,
				3874ADD413EC6316004E05E8 /* TICDSConstants.h */,
				3874ADD513EC6316004E05E8 /* TICDSConstants.m */,
				3874ADD613EC6316004E05E8 /* TICDSTypesAndEnums.h */,
			);
			path = "01 Headers and Constants";
			sourceTree = "<group>";
		};
		3874ADD713EC6316004E05E8 /* 02 Primary Classes */ = {
			isa = PBXGroup;
			children = (
				3874ADD813EC6316004E05E8 /* DropboxSDK-Based Sync */,
				3874ADF613EC6316004E05E8 /* File Manager-Based Sync */,
				3874AE1413EC6316004E05E8 /* Generic Operations */,
				3874AE2F13EC6316004E05E8 /* TICDSApplicationSyncManager.h */,
				3874AE3013EC6316004E05E8 /* TICDSApplicationSyncManager.m */,
				3874AE3113EC6316004E05E8 /* TICDSDocumentSyncManager.h */,
				3874AE3213EC6316004E05E8 /* TICDSDocumentSyncManager.m */,
				3874AE3313EC6316004E05E8 /* TICDSSyncConflict.h */,
				3874AE3413EC6316004E05E8 /* TICDSSyncConflict.m */,
				3874AE3513EC6316004E05E8 /* TICDSSynchronizedManagedObject.h */,
				3874AE3613EC6316004E05E8 /* TICDSSynchronizedManagedObject.m */,
				3874AE3713EC6316004E05E8 /* TICDSSynchronizedManagedObjectContext.h */,
				3874AE3813EC6316004E05E8 /* TICDSSynchronizedManagedObjectContext.m */,
			);
			path = "02 Primary Classes";
			sourceTree = "<group>";
		};
		3874ADD813EC6316004E05E8 /* DropboxSDK-Based Sync */ = {
			isa = PBXGroup;
			children = (
				3874ADD913EC6316004E05E8 /* Operations */,
				3874ADF213EC6316004E05E8 /* TICDSDropboxSDKBasedApplicationSyncManager.h */,
				3874ADF313EC6316004E05E8 /* TICDSDropboxSDKBasedApplicationSyncManager.m */,
				3874ADF413EC6316004E05E8 /* TICDSDropboxSDKBasedDocumentSyncManager.h */,
				3874ADF513EC6316004E05E8 /* TICDSDropboxSDKBasedDocumentSyncManager.m */,
			);
			path = "DropboxSDK-Based Sync";
			sourceTree = "<group>";
		};
		3874ADD913EC6316004E05E8 /* Operations */ = {
			isa = PBXGroup;
			children = (
				3874ADDA13EC6316004E05E8 /* TICDSDropboxSDKBasedApplicationRegistrationOperation.h */,
				3874ADDB13EC6316004E05E8 /* TICDSDropboxSDKBasedApplicationRegistrationOperation.m */,
				3874ADDC13EC6316004E05E8 /* TICDSDropboxSDKBasedDocumentClientDeletionOperation.h */,
				3874ADDD13EC6316004E05E8 /* TICDSDropboxSDKBasedDocumentClientDeletionOperation.m */,
				3874ADDE13EC6316004E05E8 /* TICDSDropboxSDKBasedDocumentDeletionOperation.h */,
				3874ADDF13EC6316004E05E8 /* TICDSDropboxSDKBasedDocumentDeletionOperation.m */,
				3874ADE013EC6316004E05E8 /* TICDSDropboxSDKBasedDocumentRegistrationOperation.h */,
				3874ADE113EC6316004E05E8 /* TICDSDropboxSDKBasedDocumentRegistrationOperation.m */,
				3874ADE213EC6316004E05E8 /* TICDSDropboxSDKBasedListOfApplicationRegisteredClientsOperation.h */,
				3874ADE313EC6316004E05E8 /* TICDSDropboxSDKBasedListOfApplicationRegisteredClientsOperation.m */,
				3874ADE413EC6316004E05E8 /* TICDSDropboxSDKBasedListOfDocumentRegisteredClientsOperation.h */,
				3874ADE513EC6316004E05E8 /* TICDSDropboxSDKBasedListOfDocumentRegisteredClientsOperation.m */,
				3874ADE613EC6316004E05E8 /* TICDSDropboxSDKBasedListOfPreviouslySynchronizedDocumentsOperation.h */,
				3874ADE713EC6316004E05E8 /* TICDSDropboxSDKBasedListOfPreviouslySynchronizedDocumentsOperation.m */,
				3874ADE813EC6316004E05E8 /* TICDSDropboxSDKBasedRemoveAllRemoteSyncDataOperation.h */,
				3874ADE913EC6316004E05E8 /* TICDSDropboxSDKBasedRemoveAllRemoteSyncDataOperation.m */,
				3874ADEA13EC6316004E05E8 /* TICDSDropboxSDKBasedSynchronizationOperation.h */,
				3874ADEB13EC6316004E05E8 /* TICDSDropboxSDKBasedSynchronizationOperation.m */,
				3874ADEC13EC6316004E05E8 /* TICDSDropboxSDKBasedVacuumOperation.h */,
				3874ADED13EC6316004E05E8 /* TICDSDropboxSDKBasedVacuumOperation.m */,
				3874ADEE13EC6316004E05E8 /* TICDSDropboxSDKBasedWholeStoreDownloadOperation.h */,
				3874ADEF13EC6316004E05E8 /* TICDSDropboxSDKBasedWholeStoreDownloadOperation.m */,
				3874ADF013EC6316004E05E8 /* TICDSDropboxSDKBasedWholeStoreUploadOperation.h */,
				3874ADF113EC6316004E05E8 /* TICDSDropboxSDKBasedWholeStoreUploadOperation.m */,
			);
			path = Operations;
			sourceTree = "<group>";
		};
		3874ADF613EC6316004E05E8 /* File Manager-Based Sync */ = {
			isa = PBXGroup;
			children = (
				3874ADF713EC6316004E05E8 /* Operations */,
				3874AE1013EC6316004E05E8 /* TICDSFileManagerBasedApplicationSyncManager.h */,
				3874AE1113EC6316004E05E8 /* TICDSFileManagerBasedApplicationSyncManager.m */,
				3874AE1213EC6316004E05E8 /* TICDSFileManagerBasedDocumentSyncManager.h */,
				3874AE1313EC6316004E05E8 /* TICDSFileManagerBasedDocumentSyncManager.m */,
			);
			path = "File Manager-Based Sync";
			sourceTree = "<group>";
		};
		3874ADF713EC6316004E05E8 /* Operations */ = {
			isa = PBXGroup;
			children = (
				3874ADF813EC6316004E05E8 /* TICDSFileManagerBasedApplicationRegistrationOperation.h */,
				3874ADF913EC6316004E05E8 /* TICDSFileManagerBasedApplicationRegistrationOperation.m */,
				3874ADFA13EC6316004E05E8 /* TICDSFileManagerBasedDocumentClientDeletionOperation.h */,
				3874ADFB13EC6316004E05E8 /* TICDSFileManagerBasedDocumentClientDeletionOperation.m */,
				3874ADFC13EC6316004E05E8 /* TICDSFileManagerBasedDocumentDeletionOperation.h */,
				3874ADFD13EC6316004E05E8 /* TICDSFileManagerBasedDocumentDeletionOperation.m */,
				3874ADFE13EC6316004E05E8 /* TICDSFileManagerBasedDocumentRegistrationOperation.h */,
				3874ADFF13EC6316004E05E8 /* TICDSFileManagerBasedDocumentRegistrationOperation.m */,
				3874AE0013EC6316004E05E8 /* TICDSFileManagerBasedListOfApplicationRegisteredClientsOperation.h */,
				3874AE0113EC6316004E05E8 /* TICDSFileManagerBasedListOfApplicationRegisteredClientsOperation.m */,
				3874AE0213EC6316004E05E8 /* TICDSFileManagerBasedListOfDocumentRegisteredClientsOperation.h */,
				3874AE0313EC6316004E05E8 /* TICDSFileManagerBasedListOfDocumentRegisteredClientsOperation.m */,
				3874AE0413EC6316004E05E8 /* TICDSFileManagerBasedListOfPreviouslySynchronizedDocumentsOperation.h */,
				3874AE0513EC6316004E05E8 /* TICDSFileManagerBasedListOfPreviouslySynchronizedDocumentsOperation.m */,
				3874AE0613EC6316004E05E8 /* TICDSFileManagerBasedRemoveAllRemoteSyncDataOperation.h */,
				3874AE0713EC6316004E05E8 /* TICDSFileManagerBasedRemoveAllRemoteSyncDataOperation.m */,
				3874AE0813EC6316004E05E8 /* TICDSFileManagerBasedSynchronizationOperation.h */,
				3874AE0913EC6316004E05E8 /* TICDSFileManagerBasedSynchronizationOperation.m */,
				3874AE0A13EC6316004E05E8 /* TICDSFileManagerBasedVacuumOperation.h */,
				3874AE0B13EC6316004E05E8 /* TICDSFileManagerBasedVacuumOperation.m */,
				3874AE0C13EC6316004E05E8 /* TICDSFileManagerBasedWholeStoreDownloadOperation.h */,
				3874AE0D13EC6316004E05E8 /* TICDSFileManagerBasedWholeStoreDownloadOperation.m */,
				3874AE0E13EC6316004E05E8 /* TICDSFileManagerBasedWholeStoreUploadOperation.h */,
				3874AE0F13EC6316004E05E8 /* TICDSFileManagerBasedWholeStoreUploadOperation.m */,
			);
			path = Operations;
			sourceTree = "<group>";
		};
		3874AE1413EC6316004E05E8 /* Generic Operations */ = {
			isa = PBXGroup;
			children = (
				3874AE1513EC6316004E05E8 /* TICDSApplicationRegistrationOperation.h */,
				3874AE1613EC6316004E05E8 /* TICDSApplicationRegistrationOperation.m */,
				3874AE1713EC6316004E05E8 /* TICDSDocumentClientDeletionOperation.h */,
				3874AE1813EC6316004E05E8 /* TICDSDocumentClientDeletionOperation.m */,
				3874AE1913EC6316004E05E8 /* TICDSDocumentDeletionOperation.h */,
				3874AE1A13EC6316004E05E8 /* TICDSDocumentDeletionOperation.m */,
				3874AE1B13EC6316004E05E8 /* TICDSDocumentRegistrationOperation.h */,
				3874AE1C13EC6316004E05E8 /* TICDSDocumentRegistrationOperation.m */,
				3874AE1D13EC6316004E05E8 /* TICDSListOfApplicationRegisteredClientsOperation.h */,
				3874AE1E13EC6316004E05E8 /* TICDSListOfApplicationRegisteredClientsOperation.m */,
				3874AE1F13EC6316004E05E8 /* TICDSListOfDocumentRegisteredClientsOperation.h */,
				3874AE2013EC6316004E05E8 /* TICDSListOfDocumentRegisteredClientsOperation.m */,
				3874AE2113EC6316004E05E8 /* TICDSListOfPreviouslySynchronizedDocumentsOperation.h */,
				3874AE2213EC6316004E05E8 /* TICDSListOfPreviouslySynchronizedDocumentsOperation.m */,
				3874AE2313EC6316004E05E8 /* TICDSOperation.h */,
				3874AE2413EC6316004E05E8 /* TICDSOperation.m */,
				3874AE2513EC6316004E05E8 /* TICDSRemoveAllRemoteSyncDataOperation.h */,
				3874AE2613EC6316004E05E8 /* TICDSRemoveAllRemoteSyncDataOperation.m */,
				3874AE2713EC6316004E05E8 /* TICDSSynchronizationOperation.h */,
				3874AE2813EC6316004E05E8 /* TICDSSynchronizationOperation.m */,
				3874AE2913EC6316004E05E8 /* TICDSVacuumOperation.h */,
				3874AE2A13EC6316004E05E8 /* TICDSVacuumOperation.m */,
				3874AE2B13EC6316004E05E8 /* TICDSWholeStoreDownloadOperation.h */,
				3874AE2C13EC6316004E05E8 /* TICDSWholeStoreDownloadOperation.m */,
				3874AE2D13EC6316004E05E8 /* TICDSWholeStoreUploadOperation.h */,
				3874AE2E13EC6316004E05E8 /* TICDSWholeStoreUploadOperation.m */,
			);
			path = "Generic Operations";
			sourceTree = "<group>";
		};
		3874AE3913EC6316004E05E8 /* 03 Internal Data Model */ = {
			isa = PBXGroup;
			children = (
				3874AE3A13EC6316004E05E8 /* TICDSSyncChange.h */,
				3874AE3B13EC6316004E05E8 /* TICDSSyncChange.m */,
				3874AE3C13EC6316004E05E8 /* TICDSSyncChange.xcdatamodel */,
				3874AE3D13EC6316004E05E8 /* TICDSSyncChangeSet.h */,
				3874AE3E13EC6316004E05E8 /* TICDSSyncChangeSet.m */,
				3874AE3F13EC6316004E05E8 /* TICDSSyncChangeSet.xcdatamodeld */,
			);
			path = "03 Internal Data Model";
			sourceTree = "<group>";
		};
		3874AE4113EC6316004E05E8 /* 04 Utilities */ = {
			isa = PBXGroup;
			children = (
				3874AE4213EC6316004E05E8 /* FZACryptor */,
				3874AE4B13EC6316004E05E8 /* TICDSError.h */,
				3874AE4C13EC6316004E05E8 /* TICDSError.m */,
				3874AE4D13EC6316004E05E8 /* TICDSLog.h */,
				3874AE4E13EC6316004E05E8 /* TICDSLog.m */,
				3874AE4F13EC6316004E05E8 /* TICDSUtilities.h */,
				3874AE5013EC6316004E05E8 /* TICDSUtilities.m */,
			);
			path = "04 Utilities";
			sourceTree = "<group>";
		};
		3874AE4213EC6316004E05E8 /* FZACryptor */ = {
			isa = PBXGroup;
			children = (
				3874AE4313EC6316004E05E8 /* FZACryptor.h */,
				3874AE4413EC6316004E05E8 /* FZACryptor.m */,
				3874AE4513EC6316004E05E8 /* FZAKeyManager.h */,
				3874AE4613EC6316004E05E8 /* FZAKeyManager.m */,
				3874AE4713EC6316004E05E8 /* FZAKeyManageriPhone.h */,
				3874AE4813EC6316004E05E8 /* FZAKeyManageriPhone.m */,
				3874AE4913EC6316004E05E8 /* FZAKeyManagerMac.h */,
				3874AE4A13EC6316004E05E8 /* FZAKeyManagerMac.m */,
			);
			path = FZACryptor;
			sourceTree = "<group>";
		};
		3874AE5113EC6316004E05E8 /* 05 File Structure */ = {
			isa = PBXGroup;
			children = (
				3874AE5213EC6316004E05E8 /* deviceInfo.plist */,
				3874AE5313EC6316004E05E8 /* documentInfo.plist */,
				3874AE5413EC6316004E05E8 /* ReadMe.txt */,
			);
			path = "05 File Structure";
			sourceTree = "<group>";
		};
		3874AE5513EC6316004E05E8 /* 06 External Sources */ = {
			isa = PBXGroup;
			children = (
				3874AE5613EC6316004E05E8 /* NSObject+TIDelegateCommunications.h */,
				3874AE5713EC6316004E05E8 /* NSObject+TIDelegateCommunications.m */,
				3874AE5813EC6316004E05E8 /* TICoreDataFactory.h */,
				3874AE5913EC6316004E05E8 /* TICoreDataFactory.m */,
				3874AE5A13EC6316004E05E8 /* TIKQDirectoryWatcher.h */,
				3874AE5B13EC6316004E05E8 /* TIKQDirectoryWatcher.m */,
				3874AE5C13EC6316004E05E8 /* TIManagedObjectExtensions.h */,
				3874AE5D13EC6316004E05E8 /* TIManagedObjectExtensions.m */,
			);
			path = "06 External Sources";
			sourceTree = "<group>";
		};
		388A3E70135707CA00824C88 = {
			isa = PBXGroup;
			children = (
				3874ADD013EC6316004E05E8 /* TICoreDataSync */,
				38FF6074135708F100D12E6D /* ShoppingList.xcdatamodeld */,
				388A3E85135707CA00824C88 /* ShoppingListMac */,
				388A3E7E135707CA00824C88 /* Frameworks */,
				388A3E7C135707CA00824C88 /* Products */,
			);
			sourceTree = "<group>";
		};
		388A3E7C135707CA00824C88 /* Products */ = {
			isa = PBXGroup;
			children = (
				388A3E7B135707CA00824C88 /* ShoppingListMac.app */,
			);
			name = Products;
			sourceTree = "<group>";
		};
		388A3E7E135707CA00824C88 /* Frameworks */ = {
			isa = PBXGroup;
			children = (
				3883FE2F1376B0E7004D26B2 /* Security.framework */,
				389F86C91360934700004CA4 /* SystemConfiguration.framework */,
				389F86C71360933F00004CA4 /* QuartzCore.framework */,
				388A3E7F135707CA00824C88 /* Cocoa.framework */,
				388A3E81135707CA00824C88 /* Other Frameworks */,
			);
			name = Frameworks;
			sourceTree = "<group>";
		};
		388A3E81135707CA00824C88 /* Other Frameworks */ = {
			isa = PBXGroup;
			children = (
				388A3E82135707CA00824C88 /* AppKit.framework */,
				388A3E83135707CA00824C88 /* CoreData.framework */,
				388A3E84135707CA00824C88 /* Foundation.framework */,
			);
			name = "Other Frameworks";
			sourceTree = "<group>";
		};
		388A3E85135707CA00824C88 /* ShoppingListMac */ = {
			isa = PBXGroup;
			children = (
				389F86B41360900F00004CA4 /* Synchronization */,
				388A3E91135707CA00824C88 /* MyDocument.h */,
				388A3E92135707CA00824C88 /* MyDocument.m */,
				388A3E94135707CA00824C88 /* MyDocument.xib */,
				385878111363406B0015A40F /* DocumentShopsWindow.xib */,
				3863105913634163003D8EE3 /* TIDocumentShopsWindowController.h */,
				3863105A13634163003D8EE3 /* TIDocumentShopsWindowController.m */,
				38C0B62D13632A8600B63589 /* TIDocumentSyncChangesWindowController.h */,
				38C0B62E13632A8600B63589 /* TIDocumentSyncChangesWindowController.m */,
				389D76B8136329BC007F19DC /* DocumentSyncChangesWindow.xib */,
				388A3E97135707CA00824C88 /* MainMenu.xib */,
				389F86CB136093D800004CA4 /* TISLAppDelegate.h */,
				389F86CC136093D800004CA4 /* TISLAppDelegate.m */,
				388A3E86135707CA00824C88 /* Supporting Files */,
			);
			path = ShoppingListMac;
			sourceTree = "<group>";
		};
		388A3E86135707CA00824C88 /* Supporting Files */ = {
			isa = PBXGroup;
			children = (
				388A3E87135707CA00824C88 /* ShoppingListMac-Info.plist */,
				388A3E88135707CA00824C88 /* InfoPlist.strings */,
				388A3E8B135707CA00824C88 /* ShoppingListMac-Prefix.pch */,
				388A3E8C135707CA00824C88 /* main.m */,
				388A3E8E135707CA00824C88 /* Credits.rtf */,
			);
			name = "Supporting Files";
			sourceTree = "<group>";
		};
		389F86B41360900F00004CA4 /* Synchronization */ = {
			isa = PBXGroup;
			children = (
				389F86B51360902900004CA4 /* DropboxBoth.png */,
				389F86B61360902900004CA4 /* DropboxText.png */,
				389F86B71360902900004CA4 /* DropboxLogo.png */,
				389F86B81360902900004CA4 /* TISLSynchronizationController.h */,
				389F86B91360902900004CA4 /* TISLSynchronizationController.m */,
				389F86BA1360902900004CA4 /* TISLSynchronizationWindow.xib */,
			);
			name = Synchronization;
			sourceTree = "<group>";
		};
/* End PBXGroup section */

/* Begin PBXNativeTarget section */
		388A3E7A135707CA00824C88 /* ShoppingListMac */ = {
			isa = PBXNativeTarget;
			buildConfigurationList = 388A3E9F135707CA00824C88 /* Build configuration list for PBXNativeTarget "ShoppingListMac" */;
			buildPhases = (
				388A3E77135707CA00824C88 /* Sources */,
				388A3E78135707CA00824C88 /* Frameworks */,
				388A3E79135707CA00824C88 /* Resources */,
			);
			buildRules = (
			);
			dependencies = (
			);
			name = ShoppingListMac;
			productName = ShoppingListMac;
			productReference = 388A3E7B135707CA00824C88 /* ShoppingListMac.app */;
			productType = "com.apple.product-type.application";
		};
/* End PBXNativeTarget section */

/* Begin PBXProject section */
		388A3E72135707CA00824C88 /* Project object */ = {
			isa = PBXProject;
			attributes = {
				LastUpgradeCheck = 0420;
				ORGANIZATIONNAME = "Tim Isted";
			};
			buildConfigurationList = 388A3E75135707CA00824C88 /* Build configuration list for PBXProject "ShoppingListMac" */;
			compatibilityVersion = "Xcode 3.2";
			developmentRegion = English;
			hasScannedForEncodings = 0;
			knownRegions = (
				en,
			);
			mainGroup = 388A3E70135707CA00824C88;
			productRefGroup = 388A3E7C135707CA00824C88 /* Products */;
			projectDirPath = "";
			projectRoot = "";
			targets = (
				388A3E7A135707CA00824C88 /* ShoppingListMac */,
			);
		};
/* End PBXProject section */

/* Begin PBXResourcesBuildPhase section */
		388A3E79135707CA00824C88 /* Resources */ = {
			isa = PBXResourcesBuildPhase;
			buildActionMask = 2147483647;
			files = (
				388A3E8A135707CA00824C88 /* InfoPlist.strings in Resources */,
				388A3E90135707CA00824C88 /* Credits.rtf in Resources */,
				388A3E96135707CA00824C88 /* MyDocument.xib in Resources */,
				388A3E99135707CA00824C88 /* MainMenu.xib in Resources */,
				389F86BB1360902900004CA4 /* DropboxBoth.png in Resources */,
				389F86BC1360902900004CA4 /* DropboxText.png in Resources */,
				389F86BD1360902900004CA4 /* DropboxLogo.png in Resources */,
				389F86BF1360902900004CA4 /* TISLSynchronizationWindow.xib in Resources */,
				389D76B9136329BC007F19DC /* DocumentSyncChangesWindow.xib in Resources */,
				385878121363406B0015A40F /* DocumentShopsWindow.xib in Resources */,
				3874AE9913EC6316004E05E8 /* deviceInfo.plist in Resources */,
				3874AE9A13EC6316004E05E8 /* documentInfo.plist in Resources */,
				3874AE9B13EC6316004E05E8 /* ReadMe.txt in Resources */,
			);
			runOnlyForDeploymentPostprocessing = 0;
		};
/* End PBXResourcesBuildPhase section */

/* Begin PBXSourcesBuildPhase section */
		388A3E77135707CA00824C88 /* Sources */ = {
			isa = PBXSourcesBuildPhase;
			buildActionMask = 2147483647;
			files = (
				388A3E8D135707CA00824C88 /* main.m in Sources */,
				388A3E93135707CA00824C88 /* MyDocument.m in Sources */,
				38FF6075135708F100D12E6D /* ShoppingList.xcdatamodeld in Sources */,
				389F86BE1360902900004CA4 /* TISLSynchronizationController.m in Sources */,
				389F86CD136093D800004CA4 /* TISLAppDelegate.m in Sources */,
				38C0B62F13632A8600B63589 /* TIDocumentSyncChangesWindowController.m in Sources */,
				3863105B13634163003D8EE3 /* TIDocumentShopsWindowController.m in Sources */,
				3874AE5F13EC6316004E05E8 /* TICDSConstants.m in Sources */,
				3874AE6013EC6316004E05E8 /* TICDSDropboxSDKBasedApplicationRegistrationOperation.m in Sources */,
				3874AE6113EC6316004E05E8 /* TICDSDropboxSDKBasedDocumentClientDeletionOperation.m in Sources */,
				3874AE6213EC6316004E05E8 /* TICDSDropboxSDKBasedDocumentDeletionOperation.m in Sources */,
				3874AE6313EC6316004E05E8 /* TICDSDropboxSDKBasedDocumentRegistrationOperation.m in Sources */,
				3874AE6413EC6316004E05E8 /* TICDSDropboxSDKBasedListOfApplicationRegisteredClientsOperation.m in Sources */,
				3874AE6513EC6316004E05E8 /* TICDSDropboxSDKBasedListOfDocumentRegisteredClientsOperation.m in Sources */,
				3874AE6613EC6316004E05E8 /* TICDSDropboxSDKBasedListOfPreviouslySynchronizedDocumentsOperation.m in Sources */,
				3874AE6713EC6316004E05E8 /* TICDSDropboxSDKBasedRemoveAllRemoteSyncDataOperation.m in Sources */,
				3874AE6813EC6316004E05E8 /* TICDSDropboxSDKBasedSynchronizationOperation.m in Sources */,
				3874AE6913EC6316004E05E8 /* TICDSDropboxSDKBasedVacuumOperation.m in Sources */,
				3874AE6A13EC6316004E05E8 /* TICDSDropboxSDKBasedWholeStoreDownloadOperation.m in Sources */,
				3874AE6B13EC6316004E05E8 /* TICDSDropboxSDKBasedWholeStoreUploadOperation.m in Sources */,
				3874AE6C13EC6316004E05E8 /* TICDSDropboxSDKBasedApplicationSyncManager.m in Sources */,
				3874AE6D13EC6316004E05E8 /* TICDSDropboxSDKBasedDocumentSyncManager.m in Sources */,
				3874AE6E13EC6316004E05E8 /* TICDSFileManagerBasedApplicationRegistrationOperation.m in Sources */,
				3874AE6F13EC6316004E05E8 /* TICDSFileManagerBasedDocumentClientDeletionOperation.m in Sources */,
				3874AE7013EC6316004E05E8 /* TICDSFileManagerBasedDocumentDeletionOperation.m in Sources */,
				3874AE7113EC6316004E05E8 /* TICDSFileManagerBasedDocumentRegistrationOperation.m in Sources */,
				3874AE7213EC6316004E05E8 /* TICDSFileManagerBasedListOfApplicationRegisteredClientsOperation.m in Sources */,
				3874AE7313EC6316004E05E8 /* TICDSFileManagerBasedListOfDocumentRegisteredClientsOperation.m in Sources */,
				3874AE7413EC6316004E05E8 /* TICDSFileManagerBasedListOfPreviouslySynchronizedDocumentsOperation.m in Sources */,
				3874AE7513EC6316004E05E8 /* TICDSFileManagerBasedRemoveAllRemoteSyncDataOperation.m in Sources */,
				3874AE7613EC6316004E05E8 /* TICDSFileManagerBasedSynchronizationOperation.m in Sources */,
				3874AE7713EC6316004E05E8 /* TICDSFileManagerBasedVacuumOperation.m in Sources */,
				3874AE7813EC6316004E05E8 /* TICDSFileManagerBasedWholeStoreDownloadOperation.m in Sources */,
				3874AE7913EC6316004E05E8 /* TICDSFileManagerBasedWholeStoreUploadOperation.m in Sources */,
				3874AE7A13EC6316004E05E8 /* TICDSFileManagerBasedApplicationSyncManager.m in Sources */,
				3874AE7B13EC6316004E05E8 /* TICDSFileManagerBasedDocumentSyncManager.m in Sources */,
				3874AE7C13EC6316004E05E8 /* TICDSApplicationRegistrationOperation.m in Sources */,
				3874AE7D13EC6316004E05E8 /* TICDSDocumentClientDeletionOperation.m in Sources */,
				3874AE7E13EC6316004E05E8 /* TICDSDocumentDeletionOperation.m in Sources */,
				3874AE7F13EC6316004E05E8 /* TICDSDocumentRegistrationOperation.m in Sources */,
				3874AE8013EC6316004E05E8 /* TICDSListOfApplicationRegisteredClientsOperation.m in Sources */,
				3874AE8113EC6316004E05E8 /* TICDSListOfDocumentRegisteredClientsOperation.m in Sources */,
				3874AE8213EC6316004E05E8 /* TICDSListOfPreviouslySynchronizedDocumentsOperation.m in Sources */,
				3874AE8313EC6316004E05E8 /* TICDSOperation.m in Sources */,
				3874AE8413EC6316004E05E8 /* TICDSRemoveAllRemoteSyncDataOperation.m in Sources */,
				3874AE8513EC6316004E05E8 /* TICDSSynchronizationOperation.m in Sources */,
				3874AE8613EC6316004E05E8 /* TICDSVacuumOperation.m in Sources */,
				3874AE8713EC6316004E05E8 /* TICDSWholeStoreDownloadOperation.m in Sources */,
				3874AE8813EC6316004E05E8 /* TICDSWholeStoreUploadOperation.m in Sources */,
				3874AE8913EC6316004E05E8 /* TICDSApplicationSyncManager.m in Sources */,
				3874AE8A13EC6316004E05E8 /* TICDSDocumentSyncManager.m in Sources */,
				3874AE8B13EC6316004E05E8 /* TICDSSyncConflict.m in Sources */,
				3874AE8C13EC6316004E05E8 /* TICDSSynchronizedManagedObject.m in Sources */,
				3874AE8D13EC6316004E05E8 /* TICDSSynchronizedManagedObjectContext.m in Sources */,
				3874AE8E13EC6316004E05E8 /* TICDSSyncChange.m in Sources */,
				3874AE8F13EC6316004E05E8 /* TICDSSyncChange.xcdatamodel in Sources */,
				3874AE9013EC6316004E05E8 /* TICDSSyncChangeSet.m in Sources */,
				3874AE9113EC6316004E05E8 /* TICDSSyncChangeSet.xcdatamodeld in Sources */,
				3874AE9213EC6316004E05E8 /* FZACryptor.m in Sources */,
				3874AE9313EC6316004E05E8 /* FZAKeyManager.m in Sources */,
				3874AE9413EC6316004E05E8 /* FZAKeyManageriPhone.m in Sources */,
				3874AE9513EC6316004E05E8 /* FZAKeyManagerMac.m in Sources */,
				3874AE9613EC6316004E05E8 /* TICDSError.m in Sources */,
				3874AE9713EC6316004E05E8 /* TICDSLog.m in Sources */,
				3874AE9813EC6316004E05E8 /* TICDSUtilities.m in Sources */,
				3874AE9C13EC6316004E05E8 /* NSObject+TIDelegateCommunications.m in Sources */,
				3874AE9D13EC6316004E05E8 /* TICoreDataFactory.m in Sources */,
				3874AE9E13EC6316004E05E8 /* TIKQDirectoryWatcher.m in Sources */,
				3874AE9F13EC6316004E05E8 /* TIManagedObjectExtensions.m in Sources */,
			);
			runOnlyForDeploymentPostprocessing = 0;
		};
/* End PBXSourcesBuildPhase section */

/* Begin PBXVariantGroup section */
		388A3E88135707CA00824C88 /* InfoPlist.strings */ = {
			isa = PBXVariantGroup;
			children = (
				388A3E89135707CA00824C88 /* en */,
			);
			name = InfoPlist.strings;
			sourceTree = "<group>";
		};
		388A3E8E135707CA00824C88 /* Credits.rtf */ = {
			isa = PBXVariantGroup;
			children = (
				388A3E8F135707CA00824C88 /* en */,
			);
			name = Credits.rtf;
			sourceTree = "<group>";
		};
		388A3E94135707CA00824C88 /* MyDocument.xib */ = {
			isa = PBXVariantGroup;
			children = (
				388A3E95135707CA00824C88 /* en */,
			);
			name = MyDocument.xib;
			sourceTree = "<group>";
		};
		388A3E97135707CA00824C88 /* MainMenu.xib */ = {
			isa = PBXVariantGroup;
			children = (
				388A3E98135707CA00824C88 /* en */,
			);
			name = MainMenu.xib;
			sourceTree = "<group>";
		};
/* End PBXVariantGroup section */

/* Begin XCBuildConfiguration section */
		388A3E9D135707CA00824C88 /* Debug */ = {
			isa = XCBuildConfiguration;
			buildSettings = {
				ARCHS = "$(ARCHS_STANDARD_32_64_BIT)";
				GCC_C_LANGUAGE_STANDARD = gnu99;
				GCC_OPTIMIZATION_LEVEL = 0;
				GCC_PREPROCESSOR_DEFINITIONS = DEBUG;
				GCC_SYMBOLS_PRIVATE_EXTERN = NO;
				GCC_VERSION = com.apple.compilers.llvm.clang.1_0;
				GCC_WARN_64_TO_32_BIT_CONVERSION = YES;
				GCC_WARN_ABOUT_RETURN_TYPE = YES;
				GCC_WARN_UNUSED_VARIABLE = YES;
				MACOSX_DEPLOYMENT_TARGET = 10.5;
				ONLY_ACTIVE_ARCH = YES;
				SDKROOT = macosx;
			};
			name = Debug;
		};
		388A3E9E135707CA00824C88 /* Release */ = {
			isa = XCBuildConfiguration;
			buildSettings = {
				ARCHS = "$(ARCHS_STANDARD_32_64_BIT)";
				GCC_C_LANGUAGE_STANDARD = gnu99;
				GCC_VERSION = com.apple.compilers.llvm.clang.1_0;
				GCC_WARN_64_TO_32_BIT_CONVERSION = YES;
				GCC_WARN_ABOUT_RETURN_TYPE = YES;
				GCC_WARN_UNUSED_VARIABLE = YES;
				MACOSX_DEPLOYMENT_TARGET = 10.5;
				SDKROOT = macosx;
			};
			name = Release;
		};
		388A3EA0135707CA00824C88 /* Debug */ = {
			isa = XCBuildConfiguration;
			buildSettings = {
				ALWAYS_SEARCH_USER_PATHS = NO;
				COPY_PHASE_STRIP = NO;
				GCC_DYNAMIC_NO_PIC = NO;
				GCC_ENABLE_OBJC_EXCEPTIONS = YES;
				GCC_PRECOMPILE_PREFIX_HEADER = YES;
				GCC_PREFIX_HEADER = "ShoppingListMac/ShoppingListMac-Prefix.pch";
				INFOPLIST_FILE = "ShoppingListMac/ShoppingListMac-Info.plist";
				PRODUCT_NAME = "$(TARGET_NAME)";
				WRAPPER_EXTENSION = app;
			};
			name = Debug;
		};
		388A3EA1135707CA00824C88 /* Release */ = {
			isa = XCBuildConfiguration;
			buildSettings = {
				ALWAYS_SEARCH_USER_PATHS = NO;
				COPY_PHASE_STRIP = YES;
				DEBUG_INFORMATION_FORMAT = "dwarf-with-dsym";
				GCC_ENABLE_OBJC_EXCEPTIONS = YES;
				GCC_PRECOMPILE_PREFIX_HEADER = YES;
				GCC_PREFIX_HEADER = "ShoppingListMac/ShoppingListMac-Prefix.pch";
				INFOPLIST_FILE = "ShoppingListMac/ShoppingListMac-Info.plist";
				PRODUCT_NAME = "$(TARGET_NAME)";
				WRAPPER_EXTENSION = app;
			};
			name = Release;
		};
/* End XCBuildConfiguration section */

/* Begin XCConfigurationList section */
		388A3E75135707CA00824C88 /* Build configuration list for PBXProject "ShoppingListMac" */ = {
			isa = XCConfigurationList;
			buildConfigurations = (
				388A3E9D135707CA00824C88 /* Debug */,
				388A3E9E135707CA00824C88 /* Release */,
			);
			defaultConfigurationIsVisible = 0;
			defaultConfigurationName = Release;
		};
		388A3E9F135707CA00824C88 /* Build configuration list for PBXNativeTarget "ShoppingListMac" */ = {
			isa = XCConfigurationList;
			buildConfigurations = (
				388A3EA0135707CA00824C88 /* Debug */,
				388A3EA1135707CA00824C88 /* Release */,
			);
			defaultConfigurationIsVisible = 0;
			defaultConfigurationName = Release;
		};
/* End XCConfigurationList section */

/* Begin XCVersionGroup section */
		3874AE3F13EC6316004E05E8 /* TICDSSyncChangeSet.xcdatamodeld */ = {
			isa = XCVersionGroup;
			children = (
				3874AE4013EC6316004E05E8 /* TICDSSyncChangeSet.xcdatamodel */,
			);
			currentVersion = 3874AE4013EC6316004E05E8 /* TICDSSyncChangeSet.xcdatamodel */;
			path = TICDSSyncChangeSet.xcdatamodeld;
			sourceTree = "<group>";
			versionGroupType = wrapper.xcdatamodel;
		};
		38FF6074135708F100D12E6D /* ShoppingList.xcdatamodeld */ = {
			isa = XCVersionGroup;
			children = (
				38FF6070135708E900D12E6D /* ShoppingList.xcdatamodel */,
				38FF6076135708F100D12E6D /* ShoppingList 2.xcdatamodel */,
			);
			currentVersion = 38FF6070135708E900D12E6D /* ShoppingList.xcdatamodel */;
			name = ShoppingList.xcdatamodeld;
			path = ShoppingListMac/ShoppingList.xcdatamodeld;
			sourceTree = "<group>";
			versionGroupType = wrapper.xcdatamodel;
		};
/* End XCVersionGroup section */
	};
	rootObject = 388A3E72135707CA00824C88 /* Project object */;
}
